
Microsoft Visual Studio Solution File, Format Version 12.00
# Visual Studio 15
VisualStudioVersion = 15.0.27428.2037
MinimumVisualStudioVersion = 10.0.40219.1
Project("{FAE04EC0-301F-11D3-BF4B-00C04F79EFBC}") = "Capitulo06.Android", "Capitulo06\Capitulo06.Android\Capitulo06.Android.csproj", "{307ACB19-BDDB-45F1-8A7B-E1F3A9C0E25B}"
EndProject
Project("{FAE04EC0-301F-11D3-BF4B-00C04F79EFBC}") = "Capitulo06.iOS", "Capitulo06\Capitulo06.iOS\Capitulo06.iOS.csproj", "{7D0D93BB-6861-4310-8AA6-11884FD71051}"
EndProject
Project("{9A19103F-16F7-4668-BE54-9A1E7A4F7556}") = "Capitulo06", "Capitulo06\Capitulo06\Capitulo06.csproj", "{C431F662-7334-4409-8CA5-20A5605E537A}"
EndProject
Project("{9A19103F-16F7-4668-BE54-9A1E7A4F7556}") = "SQLiteEF", "SQLiteEF\SQLiteEF.csproj", "{1D476ECC-3832-4C35-ABD8-1C3127AA4A6E}"
EndProject
Project("{9A19103F-16F7-4668-BE54-9A1E7A4F7556}") = "SQLiteSNS", "SQLiteSNS\SQLiteSNS.csproj", "{96488102-C0D7-4DBE-8FB4-9A8D7D603345}"
EndProject
Project("{9A19103F-16F7-4668-BE54-9A1E7A4F7556}") = "Interfaces", "Interfaces\Interfaces.csproj", "{B397E0E5-31FB-4BC2-8B0A-A0499A48B457}"
EndProject
Project("{9A19103F-16F7-4668-BE54-9A1E7A4F7556}") = "IDPropertiesEF", "IDPropertiesEF\IDPropertiesEF.csproj", "{BA2A2CF2-F2FD-41EB-AEDE-B21901AD7F4E}"
EndProject
Project("{9A19103F-16F7-4668-BE54-9A1E7A4F7556}") = "IDPropertiesSNS", "IDPropertiesSNS\IDPropertiesSNS.csproj", "{A2783119-0C56-4D94-AA8C-6C34A6261723}"
EndProject
Project("{9A19103F-16F7-4668-BE54-9A1E7A4F7556}") = "OficinaModels", "OficinaModels\OficinaModels.csproj", "{549F6C8B-585E-4599-A915-9DB8BC13DA36}"
EndProject
Project("{FAE04EC0-301F-11D3-BF4B-00C04F79EFBC}") = "Capitulo06Migrations", "Capitulo06Migrations\Capitulo06Migrations.csproj", "{8D6E9ECA-DD09-4CF9-AD8C-8A75D88C616E}"
EndProject
Global
	GlobalSection(SolutionConfigurationPlatforms) = preSolution
		Ad-Hoc|Any CPU = Ad-Hoc|Any CPU
		Ad-Hoc|iPhone = Ad-Hoc|iPhone
		Ad-Hoc|iPhoneSimulator = Ad-Hoc|iPhoneSimulator
		AppStore|Any CPU = AppStore|Any CPU
		AppStore|iPhone = AppStore|iPhone
		AppStore|iPhoneSimulator = AppStore|iPhoneSimulator
		Debug|Any CPU = Debug|Any CPU
		Debug|iPhone = Debug|iPhone
		Debug|iPhoneSimulator = Debug|iPhoneSimulator
		Release|Any CPU = Release|Any CPU
		Release|iPhone = Release|iPhone
		Release|iPhoneSimulator = Release|iPhoneSimulator
	EndGlobalSection
	GlobalSection(ProjectConfigurationPlatforms) = postSolution
		{307ACB19-BDDB-45F1-8A7B-E1F3A9C0E25B}.Ad-Hoc|Any CPU.ActiveCfg = Release|Any CPU
		{307ACB19-BDDB-45F1-8A7B-E1F3A9C0E25B}.Ad-Hoc|Any CPU.Build.0 = Release|Any CPU
		{307ACB19-BDDB-45F1-8A7B-E1F3A9C0E25B}.Ad-Hoc|Any CPU.Deploy.0 = Release|Any CPU
		{307ACB19-BDDB-45F1-8A7B-E1F3A9C0E25B}.Ad-Hoc|iPhone.ActiveCfg = Release|Any CPU
		{307ACB19-BDDB-45F1-8A7B-E1F3A9C0E25B}.Ad-Hoc|iPhone.Build.0 = Release|Any CPU
		{307ACB19-BDDB-45F1-8A7B-E1F3A9C0E25B}.Ad-Hoc|iPhone.Deploy.0 = Release|Any CPU
		{307ACB19-BDDB-45F1-8A7B-E1F3A9C0E25B}.Ad-Hoc|iPhoneSimulator.ActiveCfg = Release|Any CPU
		{307ACB19-BDDB-45F1-8A7B-E1F3A9C0E25B}.Ad-Hoc|iPhoneSimulator.Build.0 = Release|Any CPU
		{307ACB19-BDDB-45F1-8A7B-E1F3A9C0E25B}.Ad-Hoc|iPhoneSimulator.Deploy.0 = Release|Any CPU
		{307ACB19-BDDB-45F1-8A7B-E1F3A9C0E25B}.AppStore|Any CPU.ActiveCfg = Release|Any CPU
		{307ACB19-BDDB-45F1-8A7B-E1F3A9C0E25B}.AppStore|Any CPU.Build.0 = Release|Any CPU
		{307ACB19-BDDB-45F1-8A7B-E1F3A9C0E25B}.AppStore|Any CPU.Deploy.0 = Release|Any CPU
		{307ACB19-BDDB-45F1-8A7B-E1F3A9C0E25B}.AppStore|iPhone.ActiveCfg = Release|Any CPU
		{307ACB19-BDDB-45F1-8A7B-E1F3A9C0E25B}.AppStore|iPhone.Build.0 = Release|Any CPU
		{307ACB19-BDDB-45F1-8A7B-E1F3A9C0E25B}.AppStore|iPhone.Deploy.0 = Release|Any CPU
		{307ACB19-BDDB-45F1-8A7B-E1F3A9C0E25B}.AppStore|iPhoneSimulator.ActiveCfg = Release|Any CPU
		{307ACB19-BDDB-45F1-8A7B-E1F3A9C0E25B}.AppStore|iPhoneSimulator.Build.0 = Release|Any CPU
		{307ACB19-BDDB-45F1-8A7B-E1F3A9C0E25B}.AppStore|iPhoneSimulator.Deploy.0 = Release|Any CPU
		{307ACB19-BDDB-45F1-8A7B-E1F3A9C0E25B}.Debug|Any CPU.ActiveCfg = Debug|Any CPU
		{307ACB19-BDDB-45F1-8A7B-E1F3A9C0E25B}.Debug|Any CPU.Build.0 = Debug|Any CPU
		{307ACB19-BDDB-45F1-8A7B-E1F3A9C0E25B}.Debug|Any CPU.Deploy.0 = Debug|Any CPU
		{307ACB19-BDDB-45F1-8A7B-E1F3A9C0E25B}.Debug|iPhone.ActiveCfg = Debug|Any CPU
		{307ACB19-BDDB-45F1-8A7B-E1F3A9C0E25B}.Debug|iPhone.Build.0 = Debug|Any CPU
		{307ACB19-BDDB-45F1-8A7B-E1F3A9C0E25B}.Debug|iPhone.Deploy.0 = Debug|Any CPU
		{307ACB19-BDDB-45F1-8A7B-E1F3A9C0E25B}.Debug|iPhoneSimulator.ActiveCfg = Debug|Any CPU
		{307ACB19-BDDB-45F1-8A7B-E1F3A9C0E25B}.Debug|iPhoneSimulator.Build.0 = Debug|Any CPU
		{307ACB19-BDDB-45F1-8A7B-E1F3A9C0E25B}.Debug|iPhoneSimulator.Deploy.0 = Debug|Any CPU
		{307ACB19-BDDB-45F1-8A7B-E1F3A9C0E25B}.Release|Any CPU.ActiveCfg = Release|Any CPU
		{307ACB19-BDDB-45F1-8A7B-E1F3A9C0E25B}.Release|Any CPU.Build.0 = Release|Any CPU
		{307ACB19-BDDB-45F1-8A7B-E1F3A9C0E25B}.Release|Any CPU.Deploy.0 = Release|Any CPU
		{307ACB19-BDDB-45F1-8A7B-E1F3A9C0E25B}.Release|iPhone.ActiveCfg = Release|Any CPU
		{307ACB19-BDDB-45F1-8A7B-E1F3A9C0E25B}.Release|iPhone.Build.0 = Release|Any CPU
		{307ACB19-BDDB-45F1-8A7B-E1F3A9C0E25B}.Release|iPhone.Deploy.0 = Release|Any CPU
		{307ACB19-BDDB-45F1-8A7B-E1F3A9C0E25B}.Release|iPhoneSimulator.ActiveCfg = Release|Any CPU
		{307ACB19-BDDB-45F1-8A7B-E1F3A9C0E25B}.Release|iPhoneSimulator.Build.0 = Release|Any CPU
		{307ACB19-BDDB-45F1-8A7B-E1F3A9C0E25B}.Release|iPhoneSimulator.Deploy.0 = Release|Any CPU
		{7D0D93BB-6861-4310-8AA6-11884FD71051}.Ad-Hoc|Any CPU.ActiveCfg = Ad-Hoc|iPhone
		{7D0D93BB-6861-4310-8AA6-11884FD71051}.Ad-Hoc|iPhone.ActiveCfg = Ad-Hoc|iPhone
		{7D0D93BB-6861-4310-8AA6-11884FD71051}.Ad-Hoc|iPhone.Build.0 = Ad-Hoc|iPhone
		{7D0D93BB-6861-4310-8AA6-11884FD71051}.Ad-Hoc|iPhoneSimulator.ActiveCfg = Ad-Hoc|iPhoneSimulator
		{7D0D93BB-6861-4310-8AA6-11884FD71051}.Ad-Hoc|iPhoneSimulator.Build.0 = Ad-Hoc|iPhoneSimulator
		{7D0D93BB-6861-4310-8AA6-11884FD71051}.AppStore|Any CPU.ActiveCfg = AppStore|iPhone
		{7D0D93BB-6861-4310-8AA6-11884FD71051}.AppStore|iPhone.ActiveCfg = AppStore|iPhone
		{7D0D93BB-6861-4310-8AA6-11884FD71051}.AppStore|iPhone.Build.0 = AppStore|iPhone
		{7D0D93BB-6861-4310-8AA6-11884FD71051}.AppStore|iPhoneSimulator.ActiveCfg = AppStore|iPhoneSimulator
		{7D0D93BB-6861-4310-8AA6-11884FD71051}.AppStore|iPhoneSimulator.Build.0 = AppStore|iPhoneSimulator
		{7D0D93BB-6861-4310-8AA6-11884FD71051}.Debug|Any CPU.ActiveCfg = Debug|iPhone
		{7D0D93BB-6861-4310-8AA6-11884FD71051}.Debug|iPhone.ActiveCfg = Debug|iPhone
		{7D0D93BB-6861-4310-8AA6-11884FD71051}.Debug|iPhone.Build.0 = Debug|iPhone
		{7D0D93BB-6861-4310-8AA6-11884FD71051}.Debug|iPhoneSimulator.ActiveCfg = Debug|iPhoneSimulator
		{7D0D93BB-6861-4310-8AA6-11884FD71051}.Debug|iPhoneSimulator.Build.0 = Debug|iPhoneSimulator
		{7D0D93BB-6861-4310-8AA6-11884FD71051}.Release|Any CPU.ActiveCfg = Release|iPhone
		{7D0D93BB-6861-4310-8AA6-11884FD71051}.Release|iPhone.ActiveCfg = Release|iPhone
		{7D0D93BB-6861-4310-8AA6-11884FD71051}.Release|iPhone.Build.0 = Release|iPhone
		{7D0D93BB-6861-4310-8AA6-11884FD71051}.Release|iPhoneSimulator.ActiveCfg = Release|iPhoneSimulator
		{7D0D93BB-6861-4310-8AA6-11884FD71051}.Release|iPhoneSimulator.Build.0 = Release|iPhoneSimulator
		{C431F662-7334-4409-8CA5-20A5605E537A}.Ad-Hoc|Any CPU.ActiveCfg = Debug|Any CPU
		{C431F662-7334-4409-8CA5-20A5605E537A}.Ad-Hoc|Any CPU.Build.0 = Debug|Any CPU
		{C431F662-7334-4409-8CA5-20A5605E537A}.Ad-Hoc|iPhone.ActiveCfg = Debug|Any CPU
		{C431F662-7334-4409-8CA5-20A5605E537A}.Ad-Hoc|iPhone.Build.0 = Debug|Any CPU
		{C431F662-7334-4409-8CA5-20A5605E537A}.Ad-Hoc|iPhoneSimulator.ActiveCfg = Debug|Any CPU
		{C431F662-7334-4409-8CA5-20A5605E537A}.Ad-Hoc|iPhoneSimulator.Build.0 = Debug|Any CPU
		{C431F662-7334-4409-8CA5-20A5605E537A}.AppStore|Any CPU.ActiveCfg = Debug|Any CPU
		{C431F662-7334-4409-8CA5-20A5605E537A}.AppStore|Any CPU.Build.0 = Debug|Any CPU
		{C431F662-7334-4409-8CA5-20A5605E537A}.AppStore|iPhone.ActiveCfg = Debug|Any CPU
		{C431F662-7334-4409-8CA5-20A5605E537A}.AppStore|iPhone.Build.0 = Debug|Any CPU
		{C431F662-7334-4409-8CA5-20A5605E537A}.AppStore|iPhoneSimulator.ActiveCfg = Debug|Any CPU
		{C431F662-7334-4409-8CA5-20A5605E537A}.AppStore|iPhoneSimulator.Build.0 = Debug|Any CPU
		{C431F662-7334-4409-8CA5-20A5605E537A}.Debug|Any CPU.ActiveCfg = Debug|Any CPU
		{C431F662-7334-4409-8CA5-20A5605E537A}.Debug|Any CPU.Build.0 = Debug|Any CPU
		{C431F662-7334-4409-8CA5-20A5605E537A}.Debug|iPhone.ActiveCfg = Debug|Any CPU
		{C431F662-7334-4409-8CA5-20A5605E537A}.Debug|iPhone.Build.0 = Debug|Any CPU
		{C431F662-7334-4409-8CA5-20A5605E537A}.Debug|iPhoneSimulator.ActiveCfg = Debug|Any CPU
		{C431F662-7334-4409-8CA5-20A5605E537A}.Debug|iPhoneSimulator.Build.0 = Debug|Any CPU
		{C431F662-7334-4409-8CA5-20A5605E537A}.Release|Any CPU.ActiveCfg = Release|Any CPU
		{C431F662-7334-4409-8CA5-20A5605E537A}.Release|Any CPU.Build.0 = Release|Any CPU
		{C431F662-7334-4409-8CA5-20A5605E537A}.Release|iPhone.ActiveCfg = Release|Any CPU
		{C431F662-7334-4409-8CA5-20A5605E537A}.Release|iPhone.Build.0 = Release|Any CPU
		{C431F662-7334-4409-8CA5-20A5605E537A}.Release|iPhoneSimulator.ActiveCfg = Release|Any CPU
		{C431F662-7334-4409-8CA5-20A5605E537A}.Release|iPhoneSimulator.Build.0 = Release|Any CPU
		{1D476ECC-3832-4C35-ABD8-1C3127AA4A6E}.Ad-Hoc|Any CPU.ActiveCfg = Debug|Any CPU
		{1D476ECC-3832-4C35-ABD8-1C3127AA4A6E}.Ad-Hoc|Any CPU.Build.0 = Debug|Any CPU
		{1D476ECC-3832-4C35-ABD8-1C3127AA4A6E}.Ad-Hoc|iPhone.ActiveCfg = Debug|Any CPU
		{1D476ECC-3832-4C35-ABD8-1C3127AA4A6E}.Ad-Hoc|iPhone.Build.0 = Debug|Any CPU
		{1D476ECC-3832-4C35-ABD8-1C3127AA4A6E}.Ad-Hoc|iPhoneSimulator.ActiveCfg = Debug|Any CPU
		{1D476ECC-3832-4C35-ABD8-1C3127AA4A6E}.Ad-Hoc|iPhoneSimulator.Build.0 = Debug|Any CPU
		{1D476ECC-3832-4C35-ABD8-1C3127AA4A6E}.AppStore|Any CPU.ActiveCfg = Debug|Any CPU
		{1D476ECC-3832-4C35-ABD8-1C3127AA4A6E}.AppStore|Any CPU.Build.0 = Debug|Any CPU
		{1D476ECC-3832-4C35-ABD8-1C3127AA4A6E}.AppStore|iPhone.ActiveCfg = Debug|Any CPU
		{1D476ECC-3832-4C35-ABD8-1C3127AA4A6E}.AppStore|iPhone.Build.0 = Debug|Any CPU
		{1D476ECC-3832-4C35-ABD8-1C3127AA4A6E}.AppStore|iPhoneSimulator.ActiveCfg = Debug|Any CPU
		{1D476ECC-3832-4C35-ABD8-1C3127AA4A6E}.AppStore|iPhoneSimulator.Build.0 = Debug|Any CPU
		{1D476ECC-3832-4C35-ABD8-1C3127AA4A6E}.Debug|Any CPU.ActiveCfg = Debug|Any CPU
		{1D476ECC-3832-4C35-ABD8-1C3127AA4A6E}.Debug|Any CPU.Build.0 = Debug|Any CPU
		{1D476ECC-3832-4C35-ABD8-1C3127AA4A6E}.Debug|iPhone.ActiveCfg = Debug|Any CPU
		{1D476ECC-3832-4C35-ABD8-1C3127AA4A6E}.Debug|iPhone.Build.0 = Debug|Any CPU
		{1D476ECC-3832-4C35-ABD8-1C3127AA4A6E}.Debug|iPhoneSimulator.ActiveCfg = Debug|Any CPU
		{1D476ECC-3832-4C35-ABD8-1C3127AA4A6E}.Debug|iPhoneSimulator.Build.0 = Debug|Any CPU
		{1D476ECC-3832-4C35-ABD8-1C3127AA4A6E}.Release|Any CPU.ActiveCfg = Release|Any CPU
		{1D476ECC-3832-4C35-ABD8-1C3127AA4A6E}.Release|Any CPU.Build.0 = Release|Any CPU
		{1D476ECC-3832-4C35-ABD8-1C3127AA4A6E}.Release|iPhone.ActiveCfg = Release|Any CPU
		{1D476ECC-3832-4C35-ABD8-1C3127AA4A6E}.Release|iPhone.Build.0 = Release|Any CPU
		{1D476ECC-3832-4C35-ABD8-1C3127AA4A6E}.Release|iPhoneSimulator.ActiveCfg = Release|Any CPU
		{1D476ECC-3832-4C35-ABD8-1C3127AA4A6E}.Release|iPhoneSimulator.Build.0 = Release|Any CPU
		{96488102-C0D7-4DBE-8FB4-9A8D7D603345}.Ad-Hoc|Any CPU.ActiveCfg = Debug|Any CPU
		{96488102-C0D7-4DBE-8FB4-9A8D7D603345}.Ad-Hoc|Any CPU.Build.0 = Debug|Any CPU
		{96488102-C0D7-4DBE-8FB4-9A8D7D603345}.Ad-Hoc|iPhone.ActiveCfg = Debug|Any CPU
		{96488102-C0D7-4DBE-8FB4-9A8D7D603345}.Ad-Hoc|iPhone.Build.0 = Debug|Any CPU
		{96488102-C0D7-4DBE-8FB4-9A8D7D603345}.Ad-Hoc|iPhoneSimulator.ActiveCfg = Debug|Any CPU
		{96488102-C0D7-4DBE-8FB4-9A8D7D603345}.Ad-Hoc|iPhoneSimulator.Build.0 = Debug|Any CPU
		{96488102-C0D7-4DBE-8FB4-9A8D7D603345}.AppStore|Any CPU.ActiveCfg = Debug|Any CPU
		{96488102-C0D7-4DBE-8FB4-9A8D7D603345}.AppStore|Any CPU.Build.0 = Debug|Any CPU
		{96488102-C0D7-4DBE-8FB4-9A8D7D603345}.AppStore|iPhone.ActiveCfg = Debug|Any CPU
		{96488102-C0D7-4DBE-8FB4-9A8D7D603345}.AppStore|iPhone.Build.0 = Debug|Any CPU
		{96488102-C0D7-4DBE-8FB4-9A8D7D603345}.AppStore|iPhoneSimulator.ActiveCfg = Debug|Any CPU
		{96488102-C0D7-4DBE-8FB4-9A8D7D603345}.AppStore|iPhoneSimulator.Build.0 = Debug|Any CPU
		{96488102-C0D7-4DBE-8FB4-9A8D7D603345}.Debug|Any CPU.ActiveCfg = Debug|Any CPU
		{96488102-C0D7-4DBE-8FB4-9A8D7D603345}.Debug|Any CPU.Build.0 = Debug|Any CPU
		{96488102-C0D7-4DBE-8FB4-9A8D7D603345}.Debug|iPhone.ActiveCfg = Debug|Any CPU
		{96488102-C0D7-4DBE-8FB4-9A8D7D603345}.Debug|iPhone.Build.0 = Debug|Any CPU
		{96488102-C0D7-4DBE-8FB4-9A8D7D603345}.Debug|iPhoneSimulator.ActiveCfg = Debug|Any CPU
		{96488102-C0D7-4DBE-8FB4-9A8D7D603345}.Debug|iPhoneSimulator.Build.0 = Debug|Any CPU
		{96488102-C0D7-4DBE-8FB4-9A8D7D603345}.Release|Any CPU.ActiveCfg = Release|Any CPU
		{96488102-C0D7-4DBE-8FB4-9A8D7D603345}.Release|Any CPU.Build.0 = Release|Any CPU
		{96488102-C0D7-4DBE-8FB4-9A8D7D603345}.Release|iPhone.ActiveCfg = Release|Any CPU
		{96488102-C0D7-4DBE-8FB4-9A8D7D603345}.Release|iPhone.Build.0 = Release|Any CPU
		{96488102-C0D7-4DBE-8FB4-9A8D7D603345}.Release|iPhoneSimulator.ActiveCfg = Release|Any CPU
		{96488102-C0D7-4DBE-8FB4-9A8D7D603345}.Release|iPhoneSimulator.Build.0 = Release|Any CPU
		{B397E0E5-31FB-4BC2-8B0A-A0499A48B457}.Ad-Hoc|Any CPU.ActiveCfg = Debug|Any CPU
		{B397E0E5-31FB-4BC2-8B0A-A0499A48B457}.Ad-Hoc|Any CPU.Build.0 = Debug|Any CPU
		{B397E0E5-31FB-4BC2-8B0A-A0499A48B457}.Ad-Hoc|iPhone.ActiveCfg = Debug|Any CPU
		{B397E0E5-31FB-4BC2-8B0A-A0499A48B457}.Ad-Hoc|iPhone.Build.0 = Debug|Any CPU
		{B397E0E5-31FB-4BC2-8B0A-A0499A48B457}.Ad-Hoc|iPhoneSimulator.ActiveCfg = Debug|Any CPU
		{B397E0E5-31FB-4BC2-8B0A-A0499A48B457}.Ad-Hoc|iPhoneSimulator.Build.0 = Debug|Any CPU
		{B397E0E5-31FB-4BC2-8B0A-A0499A48B457}.AppStore|Any CPU.ActiveCfg = Debug|Any CPU
		{B397E0E5-31FB-4BC2-8B0A-A0499A48B457}.AppStore|Any CPU.Build.0 = Debug|Any CPU
		{B397E0E5-31FB-4BC2-8B0A-A0499A48B457}.AppStore|iPhone.ActiveCfg = Debug|Any CPU
		{B397E0E5-31FB-4BC2-8B0A-A0499A48B457}.AppStore|iPhone.Build.0 = Debug|Any CPU
		{B397E0E5-31FB-4BC2-8B0A-A0499A48B457}.AppStore|iPhoneSimulator.ActiveCfg = Debug|Any CPU
		{B397E0E5-31FB-4BC2-8B0A-A0499A48B457}.AppStore|iPhoneSimulator.Build.0 = Debug|Any CPU
		{B397E0E5-31FB-4BC2-8B0A-A0499A48B457}.Debug|Any CPU.ActiveCfg = Debug|Any CPU
		{B397E0E5-31FB-4BC2-8B0A-A0499A48B457}.Debug|Any CPU.Build.0 = Debug|Any CPU
		{B397E0E5-31FB-4BC2-8B0A-A0499A48B457}.Debug|iPhone.ActiveCfg = Debug|Any CPU
		{B397E0E5-31FB-4BC2-8B0A-A0499A48B457}.Debug|iPhone.Build.0 = Debug|Any CPU
		{B397E0E5-31FB-4BC2-8B0A-A0499A48B457}.Debug|iPhoneSimulator.ActiveCfg = Debug|Any CPU
		{B397E0E5-31FB-4BC2-8B0A-A0499A48B457}.Debug|iPhoneSimulator.Build.0 = Debug|Any CPU
		{B397E0E5-31FB-4BC2-8B0A-A0499A48B457}.Release|Any CPU.ActiveCfg = Release|Any CPU
		{B397E0E5-31FB-4BC2-8B0A-A0499A48B457}.Release|Any CPU.Build.0 = Release|Any CPU
		{B397E0E5-31FB-4BC2-8B0A-A0499A48B457}.Release|iPhone.ActiveCfg = Release|Any CPU
		{B397E0E5-31FB-4BC2-8B0A-A0499A48B457}.Release|iPhone.Build.0 = Release|Any CPU
		{B397E0E5-31FB-4BC2-8B0A-A0499A48B457}.Release|iPhoneSimulator.ActiveCfg = Release|Any CPU
		{B397E0E5-31FB-4BC2-8B0A-A0499A48B457}.Release|iPhoneSimulator.Build.0 = Release|Any CPU
		{BA2A2CF2-F2FD-41EB-AEDE-B21901AD7F4E}.Ad-Hoc|Any CPU.ActiveCfg = Debug|Any CPU
		{BA2A2CF2-F2FD-41EB-AEDE-B21901AD7F4E}.Ad-Hoc|Any CPU.Build.0 = Debug|Any CPU
		{BA2A2CF2-F2FD-41EB-AEDE-B21901AD7F4E}.Ad-Hoc|iPhone.ActiveCfg = Debug|Any CPU
		{BA2A2CF2-F2FD-41EB-AEDE-B21901AD7F4E}.Ad-Hoc|iPhone.Build.0 = Debug|Any CPU
		{BA2A2CF2-F2FD-41EB-AEDE-B21901AD7F4E}.Ad-Hoc|iPhoneSimulator.ActiveCfg = Debug|Any CPU
		{BA2A2CF2-F2FD-41EB-AEDE-B21901AD7F4E}.Ad-Hoc|iPhoneSimulator.Build.0 = Debug|Any CPU
		{BA2A2CF2-F2FD-41EB-AEDE-B21901AD7F4E}.AppStore|Any CPU.ActiveCfg = Debug|Any CPU
		{BA2A2CF2-F2FD-41EB-AEDE-B21901AD7F4E}.AppStore|Any CPU.Build.0 = Debug|Any CPU
		{BA2A2CF2-F2FD-41EB-AEDE-B21901AD7F4E}.AppStore|iPhone.ActiveCfg = Debug|Any CPU
		{BA2A2CF2-F2FD-41EB-AEDE-B21901AD7F4E}.AppStore|iPhone.Build.0 = Debug|Any CPU
		{BA2A2CF2-F2FD-41EB-AEDE-B21901AD7F4E}.AppStore|iPhoneSimulator.ActiveCfg = Debug|Any CPU
		{BA2A2CF2-F2FD-41EB-AEDE-B21901AD7F4E}.AppStore|iPhoneSimulator.Build.0 = Debug|Any CPU
		{BA2A2CF2-F2FD-41EB-AEDE-B21901AD7F4E}.Debug|Any CPU.ActiveCfg = Debug|Any CPU
		{BA2A2CF2-F2FD-41EB-AEDE-B21901AD7F4E}.Debug|Any CPU.Build.0 = Debug|Any CPU
		{BA2A2CF2-F2FD-41EB-AEDE-B21901AD7F4E}.Debug|iPhone.ActiveCfg = Debug|Any CPU
		{BA2A2CF2-F2FD-41EB-AEDE-B21901AD7F4E}.Debug|iPhone.Build.0 = Debug|Any CPU
		{BA2A2CF2-F2FD-41EB-AEDE-B21901AD7F4E}.Debug|iPhoneSimulator.ActiveCfg = Debug|Any CPU
		{BA2A2CF2-F2FD-41EB-AEDE-B21901AD7F4E}.Debug|iPhoneSimulator.Build.0 = Debug|Any CPU
		{BA2A2CF2-F2FD-41EB-AEDE-B21901AD7F4E}.Release|Any CPU.ActiveCfg = Release|Any CPU
		{BA2A2CF2-F2FD-41EB-AEDE-B21901AD7F4E}.Release|Any CPU.Build.0 = Release|Any CPU
		{BA2A2CF2-F2FD-41EB-AEDE-B21901AD7F4E}.Release|iPhone.ActiveCfg = Release|Any CPU
		{BA2A2CF2-F2FD-41EB-AEDE-B21901AD7F4E}.Release|iPhone.Build.0 = Release|Any CPU
		{BA2A2CF2-F2FD-41EB-AEDE-B21901AD7F4E}.Release|iPhoneSimulator.ActiveCfg = Release|Any CPU
		{BA2A2CF2-F2FD-41EB-AEDE-B21901AD7F4E}.Release|iPhoneSimulator.Build.0 = Release|Any CPU
		{A2783119-0C56-4D94-AA8C-6C34A6261723}.Ad-Hoc|Any CPU.ActiveCfg = Debug|Any CPU
		{A2783119-0C56-4D94-AA8C-6C34A6261723}.Ad-Hoc|Any CPU.Build.0 = Debug|Any CPU
		{A2783119-0C56-4D94-AA8C-6C34A6261723}.Ad-Hoc|iPhone.ActiveCfg = Debug|Any CPU
		{A2783119-0C56-4D94-AA8C-6C34A6261723}.Ad-Hoc|iPhone.Build.0 = Debug|Any CPU
		{A2783119-0C56-4D94-AA8C-6C34A6261723}.Ad-Hoc|iPhoneSimulator.ActiveCfg = Debug|Any CPU
		{A2783119-0C56-4D94-AA8C-6C34A6261723}.Ad-Hoc|iPhoneSimulator.Build.0 = Debug|Any CPU
		{A2783119-0C56-4D94-AA8C-6C34A6261723}.AppStore|Any CPU.ActiveCfg = Debug|Any CPU
		{A2783119-0C56-4D94-AA8C-6C34A6261723}.AppStore|Any CPU.Build.0 = Debug|Any CPU
		{A2783119-0C56-4D94-AA8C-6C34A6261723}.AppStore|iPhone.ActiveCfg = Debug|Any CPU
		{A2783119-0C56-4D94-AA8C-6C34A6261723}.AppStore|iPhone.Build.0 = Debug|Any CPU
		{A2783119-0C56-4D94-AA8C-6C34A6261723}.AppStore|iPhoneSimulator.ActiveCfg = Debug|Any CPU
		{A2783119-0C56-4D94-AA8C-6C34A6261723}.AppStore|iPhoneSimulator.Build.0 = Debug|Any CPU
		{A2783119-0C56-4D94-AA8C-6C34A6261723}.Debug|Any CPU.ActiveCfg = Debug|Any CPU
		{A2783119-0C56-4D94-AA8C-6C34A6261723}.Debug|Any CPU.Build.0 = Debug|Any CPU
		{A2783119-0C56-4D94-AA8C-6C34A6261723}.Debug|iPhone.ActiveCfg = Debug|Any CPU
		{A2783119-0C56-4D94-AA8C-6C34A6261723}.Debug|iPhone.Build.0 = Debug|Any CPU
		{A2783119-0C56-4D94-AA8C-6C34A6261723}.Debug|iPhoneSimulator.ActiveCfg = Debug|Any CPU
		{A2783119-0C56-4D94-AA8C-6C34A6261723}.Debug|iPhoneSimulator.Build.0 = Debug|Any CPU
		{A2783119-0C56-4D94-AA8C-6C34A6261723}.Release|Any CPU.ActiveCfg = Release|Any CPU
		{A2783119-0C56-4D94-AA8C-6C34A6261723}.Release|Any CPU.Build.0 = Release|Any CPU
		{A2783119-0C56-4D94-AA8C-6C34A6261723}.Release|iPhone.ActiveCfg = Release|Any CPU
		{A2783119-0C56-4D94-AA8C-6C34A6261723}.Release|iPhone.Build.0 = Release|Any CPU
		{A2783119-0C56-4D94-AA8C-6C34A6261723}.Release|iPhoneSimulator.ActiveCfg = Release|Any CPU
		{A2783119-0C56-4D94-AA8C-6C34A6261723}.Release|iPhoneSimulator.Build.0 = Release|Any CPU
		{549F6C8B-585E-4599-A915-9DB8BC13DA36}.Ad-Hoc|Any CPU.ActiveCfg = Debug|Any CPU
		{549F6C8B-585E-4599-A915-9DB8BC13DA36}.Ad-Hoc|Any CPU.Build.0 = Debug|Any CPU
		{549F6C8B-585E-4599-A915-9DB8BC13DA36}.Ad-Hoc|iPhone.ActiveCfg = Debug|Any CPU
		{549F6C8B-585E-4599-A915-9DB8BC13DA36}.Ad-Hoc|iPhone.Build.0 = Debug|Any CPU
		{549F6C8B-585E-4599-A915-9DB8BC13DA36}.Ad-Hoc|iPhoneSimulator.ActiveCfg = Debug|Any CPU
		{549F6C8B-585E-4599-A915-9DB8BC13DA36}.Ad-Hoc|iPhoneSimulator.Build.0 = Debug|Any CPU
		{549F6C8B-585E-4599-A915-9DB8BC13DA36}.AppStore|Any CPU.ActiveCfg = Debug|Any CPU
		{549F6C8B-585E-4599-A915-9DB8BC13DA36}.AppStore|Any CPU.Build.0 = Debug|Any CPU
		{549F6C8B-585E-4599-A915-9DB8BC13DA36}.AppStore|iPhone.ActiveCfg = Debug|Any CPU
		{549F6C8B-585E-4599-A915-9DB8BC13DA36}.AppStore|iPhone.Build.0 = Debug|Any CPU
		{549F6C8B-585E-4599-A915-9DB8BC13DA36}.AppStore|iPhoneSimulator.ActiveCfg = Debug|Any CPU
		{549F6C8B-585E-4599-A915-9DB8BC13DA36}.AppStore|iPhoneSimulator.Build.0 = Debug|Any CPU
		{549F6C8B-585E-4599-A915-9DB8BC13DA36}.Debug|Any CPU.ActiveCfg = Debug|Any CPU
		{549F6C8B-585E-4599-A915-9DB8BC13DA36}.Debug|Any CPU.Build.0 = Debug|Any CPU
		{549F6C8B-585E-4599-A915-9DB8BC13DA36}.Debug|iPhone.ActiveCfg = Debug|Any CPU
		{549F6C8B-585E-4599-A915-9DB8BC13DA36}.Debug|iPhone.Build.0 = Debug|Any CPU
		{549F6C8B-585E-4599-A915-9DB8BC13DA36}.Debug|iPhoneSimulator.ActiveCfg = Debug|Any CPU
		{549F6C8B-585E-4599-A915-9DB8BC13DA36}.Debug|iPhoneSimulator.Build.0 = Debug|Any CPU
		{549F6C8B-585E-4599-A915-9DB8BC13DA36}.Release|Any CPU.ActiveCfg = Release|Any CPU
		{549F6C8B-585E-4599-A915-9DB8BC13DA36}.Release|Any CPU.Build.0 = Release|Any CPU
		{549F6C8B-585E-4599-A915-9DB8BC13DA36}.Release|iPhone.ActiveCfg = Release|Any CPU
		{549F6C8B-585E-4599-A915-9DB8BC13DA36}.Release|iPhone.Build.0 = Release|Any CPU
		{549F6C8B-585E-4599-A915-9DB8BC13DA36}.Release|iPhoneSimulator.ActiveCfg = Release|Any CPU
		{549F6C8B-585E-4599-A915-9DB8BC13DA36}.Release|iPhoneSimulator.Build.0 = Release|Any CPU
		{8D6E9ECA-DD09-4CF9-AD8C-8A75D88C616E}.Ad-Hoc|Any CPU.ActiveCfg = Debug|Any CPU
		{8D6E9ECA-DD09-4CF9-AD8C-8A75D88C616E}.Ad-Hoc|Any CPU.Build.0 = Debug|Any CPU
		{8D6E9ECA-DD09-4CF9-AD8C-8A75D88C616E}.Ad-Hoc|iPhone.ActiveCfg = Debug|Any CPU
		{8D6E9ECA-DD09-4CF9-AD8C-8A75D88C616E}.Ad-Hoc|iPhone.Build.0 = Debug|Any CPU
		{8D6E9ECA-DD09-4CF9-AD8C-8A75D88C616E}.Ad-Hoc|iPhoneSimulator.ActiveCfg = Debug|Any CPU
		{8D6E9ECA-DD09-4CF9-AD8C-8A75D88C616E}.Ad-Hoc|iPhoneSimulator.Build.0 = Debug|Any CPU
		{8D6E9ECA-DD09-4CF9-AD8C-8A75D88C616E}.AppStore|Any CPU.ActiveCfg = Debug|Any CPU
		{8D6E9ECA-DD09-4CF9-AD8C-8A75D88C616E}.AppStore|Any CPU.Build.0 = Debug|Any CPU
		{8D6E9ECA-DD09-4CF9-AD8C-8A75D88C616E}.AppStore|iPhone.ActiveCfg = Debug|Any CPU
		{8D6E9ECA-DD09-4CF9-AD8C-8A75D88C616E}.AppStore|iPhone.Build.0 = Debug|Any CPU
		{8D6E9ECA-DD09-4CF9-AD8C-8A75D88C616E}.AppStore|iPhoneSimulator.ActiveCfg = Debug|Any CPU
		{8D6E9ECA-DD09-4CF9-AD8C-8A75D88C616E}.AppStore|iPhoneSimulator.Build.0 = Debug|Any CPU
		{8D6E9ECA-DD09-4CF9-AD8C-8A75D88C616E}.Debug|Any CPU.ActiveCfg = Debug|Any CPU
		{8D6E9ECA-DD09-4CF9-AD8C-8A75D88C616E}.Debug|Any CPU.Build.0 = Debug|Any CPU
		{8D6E9ECA-DD09-4CF9-AD8C-8A75D88C616E}.Debug|iPhone.ActiveCfg = Debug|Any CPU
		{8D6E9ECA-DD09-4CF9-AD8C-8A75D88C616E}.Debug|iPhone.Build.0 = Debug|Any CPU
		{8D6E9ECA-DD09-4CF9-AD8C-8A75D88C616E}.Debug|iPhoneSimulator.ActiveCfg = Debug|Any CPU
		{8D6E9ECA-DD09-4CF9-AD8C-8A75D88C616E}.Debug|iPhoneSimulator.Build.0 = Debug|Any CPU
		{8D6E9ECA-DD09-4CF9-AD8C-8A75D88C616E}.Release|Any CPU.ActiveCfg = Release|Any CPU
		{8D6E9ECA-DD09-4CF9-AD8C-8A75D88C616E}.Release|Any CPU.Build.0 = Release|Any CPU
		{8D6E9ECA-DD09-4CF9-AD8C-8A75D88C616E}.Release|iPhone.ActiveCfg = Release|Any CPU
		{8D6E9ECA-DD09-4CF9-AD8C-8A75D88C616E}.Release|iPhone.Build.0 = Release|Any CPU
		{8D6E9ECA-DD09-4CF9-AD8C-8A75D88C616E}.Release|iPhoneSimulator.ActiveCfg = Release|Any CPU
		{8D6E9ECA-DD09-4CF9-AD8C-8A75D88C616E}.Release|iPhoneSimulator.Build.0 = Release|Any CPU
	EndGlobalSection
	GlobalSection(SolutionProperties) = preSolution
		HideSolutionNode = FALSE
	EndGlobalSection
	GlobalSection(ExtensibilityGlobals) = postSolution
		SolutionGuid = {A3A4A4E3-2C8C-4AB5-8134-9C70926C6D40}
	EndGlobalSection
EndGlobal
