
Microsoft Visual Studio Solution File, Format Version 12.00
# Visual Studio 2012
Project("{FAE04EC0-301F-11D3-BF4B-00C04F79EFBC}") = "ConsumoEnergiaCondominio", "ConsumoEnergiaCondominio\ConsumoEnergiaCondominio.csproj", "{6E7E556B-BF8D-4818-9044-93C14586B2A3}"
EndProject
Project("{FAE04EC0-301F-11D3-BF4B-00C04F79EFBC}") = "ReajusteDeFolhaDePagamento", "ReajusteDeFolhaDePagamento\ReajusteDeFolhaDePagamento.csproj", "{63A93B4A-8E98-4F99-8D61-7CC0B94432F1}"
EndProject
Project("{FAE04EC0-301F-11D3-BF4B-00C04F79EFBC}") = "PreparacaoDeDadosParaGravacao", "PreparacaoDeDadosParaGravacao\PreparacaoDeDadosParaGravacao.csproj", "{B933FCF0-C35B-45FD-9063-E77F9A394A60}"
EndProject
Global
	GlobalSection(SolutionConfigurationPlatforms) = preSolution
		Debug|Any CPU = Debug|Any CPU
		Release|Any CPU = Release|Any CPU
	EndGlobalSection
	GlobalSection(ProjectConfigurationPlatforms) = postSolution
		{6E7E556B-BF8D-4818-9044-93C14586B2A3}.Debug|Any CPU.ActiveCfg = Debug|Any CPU
		{6E7E556B-BF8D-4818-9044-93C14586B2A3}.Debug|Any CPU.Build.0 = Debug|Any CPU
		{6E7E556B-BF8D-4818-9044-93C14586B2A3}.Release|Any CPU.ActiveCfg = Release|Any CPU
		{6E7E556B-BF8D-4818-9044-93C14586B2A3}.Release|Any CPU.Build.0 = Release|Any CPU
		{63A93B4A-8E98-4F99-8D61-7CC0B94432F1}.Debug|Any CPU.ActiveCfg = Debug|Any CPU
		{63A93B4A-8E98-4F99-8D61-7CC0B94432F1}.Debug|Any CPU.Build.0 = Debug|Any CPU
		{63A93B4A-8E98-4F99-8D61-7CC0B94432F1}.Release|Any CPU.ActiveCfg = Release|Any CPU
		{63A93B4A-8E98-4F99-8D61-7CC0B94432F1}.Release|Any CPU.Build.0 = Release|Any CPU
		{B933FCF0-C35B-45FD-9063-E77F9A394A60}.Debug|Any CPU.ActiveCfg = Debug|Any CPU
		{B933FCF0-C35B-45FD-9063-E77F9A394A60}.Debug|Any CPU.Build.0 = Debug|Any CPU
		{B933FCF0-C35B-45FD-9063-E77F9A394A60}.Release|Any CPU.ActiveCfg = Release|Any CPU
		{B933FCF0-C35B-45FD-9063-E77F9A394A60}.Release|Any CPU.Build.0 = Release|Any CPU
	EndGlobalSection
	GlobalSection(SolutionProperties) = preSolution
		HideSolutionNode = FALSE
	EndGlobalSection
EndGlobal
