
Microsoft Visual Studio Solution File, Format Version 12.00
# Visual Studio Version 16
VisualStudioVersion = 16.0.29613.14
MinimumVisualStudioVersion = 10.0.40219.1
Project("{FAE04EC0-301F-11D3-BF4B-00C04F79EFBC}") = "SegundoProjeto", "SegundoProjeto\SegundoProjeto.csproj", "{5F9C433C-A9E8-453F-B468-E43DCCA72D9D}"
EndProject
Global
	GlobalSection(SolutionConfigurationPlatforms) = preSolution
		Debug|Any CPU = Debug|Any CPU
		Release|Any CPU = Release|Any CPU
	EndGlobalSection
	GlobalSection(ProjectConfigurationPlatforms) = postSolution
		{5F9C433C-A9E8-453F-B468-E43DCCA72D9D}.Debug|Any CPU.ActiveCfg = Debug|Any CPU
		{5F9C433C-A9E8-453F-B468-E43DCCA72D9D}.Debug|Any CPU.Build.0 = Debug|Any CPU
		{5F9C433C-A9E8-453F-B468-E43DCCA72D9D}.Release|Any CPU.ActiveCfg = Release|Any CPU
		{5F9C433C-A9E8-453F-B468-E43DCCA72D9D}.Release|Any CPU.Build.0 = Release|Any CPU
	EndGlobalSection
	GlobalSection(SolutionProperties) = preSolution
		HideSolutionNode = FALSE
	EndGlobalSection
	GlobalSection(ExtensibilityGlobals) = postSolution
		SolutionGuid = {36951897-E0C6-46AE-ABFE-C9FA1EA36318}
	EndGlobalSection
EndGlobal
