
Microsoft Visual Studio Solution File, Format Version 12.00
# Visual Studio Version 16
VisualStudioVersion = 16.0.30320.27
MinimumVisualStudioVersion = 10.0.40219.1
Project("{FAE04EC0-301F-11D3-BF4B-00C04F79EFBC}") = "Capitulo05.Android", "Capitulo05\Capitulo05.Android\Capitulo05.Android.csproj", "{3D2FDE4C-A1E3-4F04-A2B0-33BCF18FB328}"
EndProject
Project("{FAE04EC0-301F-11D3-BF4B-00C04F79EFBC}") = "Capitulo05.iOS", "Capitulo05\Capitulo05.iOS\Capitulo05.iOS.csproj", "{3904A3FE-C1B6-414F-B5BE-23F23ACEBE1F}"
EndProject
Project("{9A19103F-16F7-4668-BE54-9A1E7A4F7556}") = "Capitulo05", "Capitulo05\Capitulo05\Capitulo05.csproj", "{646CB9F8-84C8-4CC3-BAB2-E48AF49CB334}"
EndProject
Project("{9A19103F-16F7-4668-BE54-9A1E7A4F7556}") = "SQLiteEF", "SQLiteEF\SQLiteEF.csproj", "{85FB84F7-05CA-4309-B1D6-2D24BEAA36C1}"
EndProject
Project("{9A19103F-16F7-4668-BE54-9A1E7A4F7556}") = "Interfaces", "Interfaces\Interfaces.csproj", "{D1CCECC7-57AA-4979-B276-5D01578358C2}"
EndProject
Project("{FAE04EC0-301F-11D3-BF4B-00C04F79EFBC}") = "IDPropertiesEF", "IDPropertiesEF\IDPropertiesEF.csproj", "{D9FCF865-A92C-4870-970F-E8567F099D24}"
EndProject
Project("{FAE04EC0-301F-11D3-BF4B-00C04F79EFBC}") = "OficinaModels", "OficinaModels\OficinaModels.csproj", "{9F1FF40D-22FC-4299-8F09-D7A449C29AFE}"
EndProject
Global
	GlobalSection(SolutionConfigurationPlatforms) = preSolution
		Debug|Any CPU = Debug|Any CPU
		Debug|iPhone = Debug|iPhone
		Debug|iPhoneSimulator = Debug|iPhoneSimulator
		Release|Any CPU = Release|Any CPU
		Release|iPhone = Release|iPhone
		Release|iPhoneSimulator = Release|iPhoneSimulator
	EndGlobalSection
	GlobalSection(ProjectConfigurationPlatforms) = postSolution
		{3D2FDE4C-A1E3-4F04-A2B0-33BCF18FB328}.Debug|Any CPU.ActiveCfg = Debug|Any CPU
		{3D2FDE4C-A1E3-4F04-A2B0-33BCF18FB328}.Debug|Any CPU.Build.0 = Debug|Any CPU
		{3D2FDE4C-A1E3-4F04-A2B0-33BCF18FB328}.Debug|Any CPU.Deploy.0 = Debug|Any CPU
		{3D2FDE4C-A1E3-4F04-A2B0-33BCF18FB328}.Debug|iPhone.ActiveCfg = Debug|Any CPU
		{3D2FDE4C-A1E3-4F04-A2B0-33BCF18FB328}.Debug|iPhone.Build.0 = Debug|Any CPU
		{3D2FDE4C-A1E3-4F04-A2B0-33BCF18FB328}.Debug|iPhone.Deploy.0 = Debug|Any CPU
		{3D2FDE4C-A1E3-4F04-A2B0-33BCF18FB328}.Debug|iPhoneSimulator.ActiveCfg = Debug|Any CPU
		{3D2FDE4C-A1E3-4F04-A2B0-33BCF18FB328}.Debug|iPhoneSimulator.Build.0 = Debug|Any CPU
		{3D2FDE4C-A1E3-4F04-A2B0-33BCF18FB328}.Debug|iPhoneSimulator.Deploy.0 = Debug|Any CPU
		{3D2FDE4C-A1E3-4F04-A2B0-33BCF18FB328}.Release|Any CPU.ActiveCfg = Release|Any CPU
		{3D2FDE4C-A1E3-4F04-A2B0-33BCF18FB328}.Release|Any CPU.Build.0 = Release|Any CPU
		{3D2FDE4C-A1E3-4F04-A2B0-33BCF18FB328}.Release|Any CPU.Deploy.0 = Release|Any CPU
		{3D2FDE4C-A1E3-4F04-A2B0-33BCF18FB328}.Release|iPhone.ActiveCfg = Release|Any CPU
		{3D2FDE4C-A1E3-4F04-A2B0-33BCF18FB328}.Release|iPhone.Build.0 = Release|Any CPU
		{3D2FDE4C-A1E3-4F04-A2B0-33BCF18FB328}.Release|iPhone.Deploy.0 = Release|Any CPU
		{3D2FDE4C-A1E3-4F04-A2B0-33BCF18FB328}.Release|iPhoneSimulator.ActiveCfg = Release|Any CPU
		{3D2FDE4C-A1E3-4F04-A2B0-33BCF18FB328}.Release|iPhoneSimulator.Build.0 = Release|Any CPU
		{3D2FDE4C-A1E3-4F04-A2B0-33BCF18FB328}.Release|iPhoneSimulator.Deploy.0 = Release|Any CPU
		{3904A3FE-C1B6-414F-B5BE-23F23ACEBE1F}.Debug|Any CPU.ActiveCfg = Debug|iPhone
		{3904A3FE-C1B6-414F-B5BE-23F23ACEBE1F}.Debug|Any CPU.Build.0 = Debug|iPhone
		{3904A3FE-C1B6-414F-B5BE-23F23ACEBE1F}.Debug|Any CPU.Deploy.0 = Debug|iPhone
		{3904A3FE-C1B6-414F-B5BE-23F23ACEBE1F}.Debug|iPhone.ActiveCfg = Debug|iPhone
		{3904A3FE-C1B6-414F-B5BE-23F23ACEBE1F}.Debug|iPhone.Build.0 = Debug|iPhone
		{3904A3FE-C1B6-414F-B5BE-23F23ACEBE1F}.Debug|iPhone.Deploy.0 = Debug|iPhone
		{3904A3FE-C1B6-414F-B5BE-23F23ACEBE1F}.Debug|iPhoneSimulator.ActiveCfg = Debug|iPhoneSimulator
		{3904A3FE-C1B6-414F-B5BE-23F23ACEBE1F}.Debug|iPhoneSimulator.Build.0 = Debug|iPhoneSimulator
		{3904A3FE-C1B6-414F-B5BE-23F23ACEBE1F}.Debug|iPhoneSimulator.Deploy.0 = Debug|iPhoneSimulator
		{3904A3FE-C1B6-414F-B5BE-23F23ACEBE1F}.Release|Any CPU.ActiveCfg = Release|iPhone
		{3904A3FE-C1B6-414F-B5BE-23F23ACEBE1F}.Release|Any CPU.Build.0 = Release|iPhone
		{3904A3FE-C1B6-414F-B5BE-23F23ACEBE1F}.Release|Any CPU.Deploy.0 = Release|iPhone
		{3904A3FE-C1B6-414F-B5BE-23F23ACEBE1F}.Release|iPhone.ActiveCfg = Release|iPhone
		{3904A3FE-C1B6-414F-B5BE-23F23ACEBE1F}.Release|iPhone.Build.0 = Release|iPhone
		{3904A3FE-C1B6-414F-B5BE-23F23ACEBE1F}.Release|iPhone.Deploy.0 = Release|iPhone
		{3904A3FE-C1B6-414F-B5BE-23F23ACEBE1F}.Release|iPhoneSimulator.ActiveCfg = Release|iPhoneSimulator
		{3904A3FE-C1B6-414F-B5BE-23F23ACEBE1F}.Release|iPhoneSimulator.Build.0 = Release|iPhoneSimulator
		{3904A3FE-C1B6-414F-B5BE-23F23ACEBE1F}.Release|iPhoneSimulator.Deploy.0 = Release|iPhoneSimulator
		{646CB9F8-84C8-4CC3-BAB2-E48AF49CB334}.Debug|Any CPU.ActiveCfg = Debug|Any CPU
		{646CB9F8-84C8-4CC3-BAB2-E48AF49CB334}.Debug|Any CPU.Build.0 = Debug|Any CPU
		{646CB9F8-84C8-4CC3-BAB2-E48AF49CB334}.Debug|Any CPU.Deploy.0 = Debug|Any CPU
		{646CB9F8-84C8-4CC3-BAB2-E48AF49CB334}.Debug|iPhone.ActiveCfg = Debug|Any CPU
		{646CB9F8-84C8-4CC3-BAB2-E48AF49CB334}.Debug|iPhone.Build.0 = Debug|Any CPU
		{646CB9F8-84C8-4CC3-BAB2-E48AF49CB334}.Debug|iPhone.Deploy.0 = Debug|Any CPU
		{646CB9F8-84C8-4CC3-BAB2-E48AF49CB334}.Debug|iPhoneSimulator.ActiveCfg = Debug|Any CPU
		{646CB9F8-84C8-4CC3-BAB2-E48AF49CB334}.Debug|iPhoneSimulator.Build.0 = Debug|Any CPU
		{646CB9F8-84C8-4CC3-BAB2-E48AF49CB334}.Debug|iPhoneSimulator.Deploy.0 = Debug|Any CPU
		{646CB9F8-84C8-4CC3-BAB2-E48AF49CB334}.Release|Any CPU.ActiveCfg = Release|Any CPU
		{646CB9F8-84C8-4CC3-BAB2-E48AF49CB334}.Release|Any CPU.Build.0 = Release|Any CPU
		{646CB9F8-84C8-4CC3-BAB2-E48AF49CB334}.Release|Any CPU.Deploy.0 = Release|Any CPU
		{646CB9F8-84C8-4CC3-BAB2-E48AF49CB334}.Release|iPhone.ActiveCfg = Release|Any CPU
		{646CB9F8-84C8-4CC3-BAB2-E48AF49CB334}.Release|iPhone.Build.0 = Release|Any CPU
		{646CB9F8-84C8-4CC3-BAB2-E48AF49CB334}.Release|iPhone.Deploy.0 = Release|Any CPU
		{646CB9F8-84C8-4CC3-BAB2-E48AF49CB334}.Release|iPhoneSimulator.ActiveCfg = Release|Any CPU
		{646CB9F8-84C8-4CC3-BAB2-E48AF49CB334}.Release|iPhoneSimulator.Build.0 = Release|Any CPU
		{646CB9F8-84C8-4CC3-BAB2-E48AF49CB334}.Release|iPhoneSimulator.Deploy.0 = Release|Any CPU
		{85FB84F7-05CA-4309-B1D6-2D24BEAA36C1}.Debug|Any CPU.ActiveCfg = Debug|Any CPU
		{85FB84F7-05CA-4309-B1D6-2D24BEAA36C1}.Debug|Any CPU.Build.0 = Debug|Any CPU
		{85FB84F7-05CA-4309-B1D6-2D24BEAA36C1}.Debug|iPhone.ActiveCfg = Debug|Any CPU
		{85FB84F7-05CA-4309-B1D6-2D24BEAA36C1}.Debug|iPhone.Build.0 = Debug|Any CPU
		{85FB84F7-05CA-4309-B1D6-2D24BEAA36C1}.Debug|iPhoneSimulator.ActiveCfg = Debug|Any CPU
		{85FB84F7-05CA-4309-B1D6-2D24BEAA36C1}.Debug|iPhoneSimulator.Build.0 = Debug|Any CPU
		{85FB84F7-05CA-4309-B1D6-2D24BEAA36C1}.Release|Any CPU.ActiveCfg = Release|Any CPU
		{85FB84F7-05CA-4309-B1D6-2D24BEAA36C1}.Release|Any CPU.Build.0 = Release|Any CPU
		{85FB84F7-05CA-4309-B1D6-2D24BEAA36C1}.Release|iPhone.ActiveCfg = Release|Any CPU
		{85FB84F7-05CA-4309-B1D6-2D24BEAA36C1}.Release|iPhone.Build.0 = Release|Any CPU
		{85FB84F7-05CA-4309-B1D6-2D24BEAA36C1}.Release|iPhoneSimulator.ActiveCfg = Release|Any CPU
		{85FB84F7-05CA-4309-B1D6-2D24BEAA36C1}.Release|iPhoneSimulator.Build.0 = Release|Any CPU
		{D1CCECC7-57AA-4979-B276-5D01578358C2}.Debug|Any CPU.ActiveCfg = Debug|Any CPU
		{D1CCECC7-57AA-4979-B276-5D01578358C2}.Debug|Any CPU.Build.0 = Debug|Any CPU
		{D1CCECC7-57AA-4979-B276-5D01578358C2}.Debug|iPhone.ActiveCfg = Debug|Any CPU
		{D1CCECC7-57AA-4979-B276-5D01578358C2}.Debug|iPhone.Build.0 = Debug|Any CPU
		{D1CCECC7-57AA-4979-B276-5D01578358C2}.Debug|iPhoneSimulator.ActiveCfg = Debug|Any CPU
		{D1CCECC7-57AA-4979-B276-5D01578358C2}.Debug|iPhoneSimulator.Build.0 = Debug|Any CPU
		{D1CCECC7-57AA-4979-B276-5D01578358C2}.Release|Any CPU.ActiveCfg = Release|Any CPU
		{D1CCECC7-57AA-4979-B276-5D01578358C2}.Release|Any CPU.Build.0 = Release|Any CPU
		{D1CCECC7-57AA-4979-B276-5D01578358C2}.Release|iPhone.ActiveCfg = Release|Any CPU
		{D1CCECC7-57AA-4979-B276-5D01578358C2}.Release|iPhone.Build.0 = Release|Any CPU
		{D1CCECC7-57AA-4979-B276-5D01578358C2}.Release|iPhoneSimulator.ActiveCfg = Release|Any CPU
		{D1CCECC7-57AA-4979-B276-5D01578358C2}.Release|iPhoneSimulator.Build.0 = Release|Any CPU
		{D9FCF865-A92C-4870-970F-E8567F099D24}.Debug|Any CPU.ActiveCfg = Debug|Any CPU
		{D9FCF865-A92C-4870-970F-E8567F099D24}.Debug|Any CPU.Build.0 = Debug|Any CPU
		{D9FCF865-A92C-4870-970F-E8567F099D24}.Debug|iPhone.ActiveCfg = Debug|Any CPU
		{D9FCF865-A92C-4870-970F-E8567F099D24}.Debug|iPhone.Build.0 = Debug|Any CPU
		{D9FCF865-A92C-4870-970F-E8567F099D24}.Debug|iPhoneSimulator.ActiveCfg = Debug|Any CPU
		{D9FCF865-A92C-4870-970F-E8567F099D24}.Debug|iPhoneSimulator.Build.0 = Debug|Any CPU
		{D9FCF865-A92C-4870-970F-E8567F099D24}.Release|Any CPU.ActiveCfg = Release|Any CPU
		{D9FCF865-A92C-4870-970F-E8567F099D24}.Release|Any CPU.Build.0 = Release|Any CPU
		{D9FCF865-A92C-4870-970F-E8567F099D24}.Release|iPhone.ActiveCfg = Release|Any CPU
		{D9FCF865-A92C-4870-970F-E8567F099D24}.Release|iPhone.Build.0 = Release|Any CPU
		{D9FCF865-A92C-4870-970F-E8567F099D24}.Release|iPhoneSimulator.ActiveCfg = Release|Any CPU
		{D9FCF865-A92C-4870-970F-E8567F099D24}.Release|iPhoneSimulator.Build.0 = Release|Any CPU
		{9F1FF40D-22FC-4299-8F09-D7A449C29AFE}.Debug|Any CPU.ActiveCfg = Debug|Any CPU
		{9F1FF40D-22FC-4299-8F09-D7A449C29AFE}.Debug|Any CPU.Build.0 = Debug|Any CPU
		{9F1FF40D-22FC-4299-8F09-D7A449C29AFE}.Debug|iPhone.ActiveCfg = Debug|Any CPU
		{9F1FF40D-22FC-4299-8F09-D7A449C29AFE}.Debug|iPhone.Build.0 = Debug|Any CPU
		{9F1FF40D-22FC-4299-8F09-D7A449C29AFE}.Debug|iPhoneSimulator.ActiveCfg = Debug|Any CPU
		{9F1FF40D-22FC-4299-8F09-D7A449C29AFE}.Debug|iPhoneSimulator.Build.0 = Debug|Any CPU
		{9F1FF40D-22FC-4299-8F09-D7A449C29AFE}.Release|Any CPU.ActiveCfg = Release|Any CPU
		{9F1FF40D-22FC-4299-8F09-D7A449C29AFE}.Release|Any CPU.Build.0 = Release|Any CPU
		{9F1FF40D-22FC-4299-8F09-D7A449C29AFE}.Release|iPhone.ActiveCfg = Release|Any CPU
		{9F1FF40D-22FC-4299-8F09-D7A449C29AFE}.Release|iPhone.Build.0 = Release|Any CPU
		{9F1FF40D-22FC-4299-8F09-D7A449C29AFE}.Release|iPhoneSimulator.ActiveCfg = Release|Any CPU
		{9F1FF40D-22FC-4299-8F09-D7A449C29AFE}.Release|iPhoneSimulator.Build.0 = Release|Any CPU
	EndGlobalSection
	GlobalSection(SolutionProperties) = preSolution
		HideSolutionNode = FALSE
	EndGlobalSection
	GlobalSection(ExtensibilityGlobals) = postSolution
		SolutionGuid = {6CAE8EA1-2ED0-4F3E-A604-33B09D3FCCDB}
	EndGlobalSection
EndGlobal
