Microsoft Visual Studio Solution File, Format Version 12.00
# Visual Studio Version 16
VisualStudioVersion = 16.0.29519.87
MinimumVisualStudioVersion = 10.0.40219.1
Project("{FAE04EC0-301F-11D3-BF4B-00C04F79EFBC}") = "Modulo1.Android", "Modulo1.Android\Modulo1.Android.csproj", "{39143FBA-3531-42D1-A732-14943493A940}"
EndProject
Project("{FAE04EC0-301F-11D3-BF4B-00C04F79EFBC}") = "Modulo1.iOS", "Modulo1.iOS\Modulo1.iOS.csproj", "{AA4C38D5-F4A9-4AF7-9FE8-B84D6165C2C4}"
EndProject
Project("{9A19103F-16F7-4668-BE54-9A1E7A4F7556}") = "Modulo1", "Modulo1\Modulo1.csproj", "{9C5A5587-2F29-4019-A553-DC534A24BAEB}"
EndProject
Global
	GlobalSection(SolutionConfigurationPlatforms) = preSolution
		Ad-Hoc|Any CPU = Ad-Hoc|Any CPU
		Ad-Hoc|iPhone = Ad-Hoc|iPhone
		Ad-Hoc|iPhoneSimulator = Ad-Hoc|iPhoneSimulator
		AppStore|Any CPU = AppStore|Any CPU
		AppStore|iPhone = AppStore|iPhone
		AppStore|iPhoneSimulator = AppStore|iPhoneSimulator
		Debug|Any CPU = Debug|Any CPU
		Debug|iPhone = Debug|iPhone
		Debug|iPhoneSimulator = Debug|iPhoneSimulator
		Release|Any CPU = Release|Any CPU
		Release|iPhone = Release|iPhone
		Release|iPhoneSimulator = Release|iPhoneSimulator
	EndGlobalSection
	GlobalSection(ProjectConfigurationPlatforms) = postSolution
		{39143FBA-3531-42D1-A732-14943493A940}.Ad-Hoc|Any CPU.ActiveCfg = Release|Any CPU
		{39143FBA-3531-42D1-A732-14943493A940}.Ad-Hoc|Any CPU.Build.0 = Release|Any CPU
		{39143FBA-3531-42D1-A732-14943493A940}.Ad-Hoc|Any CPU.Deploy.0 = Release|Any CPU
		{39143FBA-3531-42D1-A732-14943493A940}.Ad-Hoc|iPhone.ActiveCfg = Debug|Any CPU
		{39143FBA-3531-42D1-A732-14943493A940}.Ad-Hoc|iPhone.Build.0 = Debug|Any CPU
		{39143FBA-3531-42D1-A732-14943493A940}.Ad-Hoc|iPhoneSimulator.ActiveCfg = Release|Any CPU
		{39143FBA-3531-42D1-A732-14943493A940}.Ad-Hoc|iPhoneSimulator.Build.0 = Release|Any CPU
		{39143FBA-3531-42D1-A732-14943493A940}.Ad-Hoc|iPhoneSimulator.Deploy.0 = Release|Any CPU
		{39143FBA-3531-42D1-A732-14943493A940}.AppStore|Any CPU.ActiveCfg = Release|Any CPU
		{39143FBA-3531-42D1-A732-14943493A940}.AppStore|Any CPU.Build.0 = Release|Any CPU
		{39143FBA-3531-42D1-A732-14943493A940}.AppStore|Any CPU.Deploy.0 = Release|Any CPU
		{39143FBA-3531-42D1-A732-14943493A940}.AppStore|iPhone.ActiveCfg = Debug|Any CPU
		{39143FBA-3531-42D1-A732-14943493A940}.AppStore|iPhone.Build.0 = Debug|Any CPU
		{39143FBA-3531-42D1-A732-14943493A940}.AppStore|iPhoneSimulator.ActiveCfg = Release|Any CPU
		{39143FBA-3531-42D1-A732-14943493A940}.AppStore|iPhoneSimulator.Build.0 = Release|Any CPU
		{39143FBA-3531-42D1-A732-14943493A940}.AppStore|iPhoneSimulator.Deploy.0 = Release|Any CPU
		{39143FBA-3531-42D1-A732-14943493A940}.Debug|Any CPU.ActiveCfg = Debug|Any CPU
		{39143FBA-3531-42D1-A732-14943493A940}.Debug|Any CPU.Build.0 = Debug|Any CPU
		{39143FBA-3531-42D1-A732-14943493A940}.Debug|iPhone.ActiveCfg = Debug|Any CPU
		{39143FBA-3531-42D1-A732-14943493A940}.Debug|iPhone.Build.0 = Debug|Any CPU
		{39143FBA-3531-42D1-A732-14943493A940}.Debug|iPhoneSimulator.ActiveCfg = Debug|Any CPU
		{39143FBA-3531-42D1-A732-14943493A940}.Debug|iPhoneSimulator.Build.0 = Debug|Any CPU
		{39143FBA-3531-42D1-A732-14943493A940}.Release|Any CPU.ActiveCfg = Release|Any CPU
		{39143FBA-3531-42D1-A732-14943493A940}.Release|Any CPU.Build.0 = Release|Any CPU
		{39143FBA-3531-42D1-A732-14943493A940}.Release|iPhone.ActiveCfg = Release|Any CPU
		{39143FBA-3531-42D1-A732-14943493A940}.Release|iPhone.Build.0 = Release|Any CPU
		{39143FBA-3531-42D1-A732-14943493A940}.Release|iPhoneSimulator.ActiveCfg = Release|Any CPU
		{39143FBA-3531-42D1-A732-14943493A940}.Release|iPhoneSimulator.Build.0 = Release|Any CPU
		{AA4C38D5-F4A9-4AF7-9FE8-B84D6165C2C4}.Ad-Hoc|Any CPU.ActiveCfg = Ad-Hoc|iPhoneSimulator
		{AA4C38D5-F4A9-4AF7-9FE8-B84D6165C2C4}.Ad-Hoc|iPhone.ActiveCfg = Ad-Hoc|iPhone
		{AA4C38D5-F4A9-4AF7-9FE8-B84D6165C2C4}.Ad-Hoc|iPhone.Build.0 = Ad-Hoc|iPhone
		{AA4C38D5-F4A9-4AF7-9FE8-B84D6165C2C4}.Ad-Hoc|iPhoneSimulator.ActiveCfg = Ad-Hoc|iPhoneSimulator
		{AA4C38D5-F4A9-4AF7-9FE8-B84D6165C2C4}.Ad-Hoc|iPhoneSimulator.Build.0 = Ad-Hoc|iPhoneSimulator
		{AA4C38D5-F4A9-4AF7-9FE8-B84D6165C2C4}.AppStore|Any CPU.ActiveCfg = AppStore|iPhoneSimulator
		{AA4C38D5-F4A9-4AF7-9FE8-B84D6165C2C4}.AppStore|iPhone.ActiveCfg = AppStore|iPhone
		{AA4C38D5-F4A9-4AF7-9FE8-B84D6165C2C4}.AppStore|iPhone.Build.0 = AppStore|iPhone
		{AA4C38D5-F4A9-4AF7-9FE8-B84D6165C2C4}.AppStore|iPhoneSimulator.ActiveCfg = AppStore|iPhoneSimulator
		{AA4C38D5-F4A9-4AF7-9FE8-B84D6165C2C4}.AppStore|iPhoneSimulator.Build.0 = AppStore|iPhoneSimulator
		{AA4C38D5-F4A9-4AF7-9FE8-B84D6165C2C4}.Debug|Any CPU.ActiveCfg = Debug|iPhoneSimulator
		{AA4C38D5-F4A9-4AF7-9FE8-B84D6165C2C4}.Debug|Any CPU.Build.0 = Debug|iPhoneSimulator
		{AA4C38D5-F4A9-4AF7-9FE8-B84D6165C2C4}.Debug|iPhone.ActiveCfg = Debug|iPhone
		{AA4C38D5-F4A9-4AF7-9FE8-B84D6165C2C4}.Debug|iPhone.Build.0 = Debug|iPhone
		{AA4C38D5-F4A9-4AF7-9FE8-B84D6165C2C4}.Debug|iPhoneSimulator.ActiveCfg = Debug|iPhoneSimulator
		{AA4C38D5-F4A9-4AF7-9FE8-B84D6165C2C4}.Debug|iPhoneSimulator.Build.0 = Debug|iPhoneSimulator
		{AA4C38D5-F4A9-4AF7-9FE8-B84D6165C2C4}.Release|Any CPU.ActiveCfg = Release|iPhoneSimulator
		{AA4C38D5-F4A9-4AF7-9FE8-B84D6165C2C4}.Release|Any CPU.Build.0 = Release|iPhoneSimulator
		{AA4C38D5-F4A9-4AF7-9FE8-B84D6165C2C4}.Release|iPhone.ActiveCfg = Release|iPhone
		{AA4C38D5-F4A9-4AF7-9FE8-B84D6165C2C4}.Release|iPhone.Build.0 = Release|iPhone
		{AA4C38D5-F4A9-4AF7-9FE8-B84D6165C2C4}.Release|iPhoneSimulator.ActiveCfg = Release|iPhoneSimulator
		{AA4C38D5-F4A9-4AF7-9FE8-B84D6165C2C4}.Release|iPhoneSimulator.Build.0 = Release|iPhoneSimulator
		{9C5A5587-2F29-4019-A553-DC534A24BAEB}.Ad-Hoc|Any CPU.ActiveCfg = Release|Any CPU
		{9C5A5587-2F29-4019-A553-DC534A24BAEB}.Ad-Hoc|Any CPU.Build.0 = Release|Any CPU
		{9C5A5587-2F29-4019-A553-DC534A24BAEB}.Ad-Hoc|iPhone.ActiveCfg = Debug|Any CPU
		{9C5A5587-2F29-4019-A553-DC534A24BAEB}.Ad-Hoc|iPhone.Build.0 = Debug|Any CPU
		{9C5A5587-2F29-4019-A553-DC534A24BAEB}.Ad-Hoc|iPhoneSimulator.ActiveCfg = Release|Any CPU
		{9C5A5587-2F29-4019-A553-DC534A24BAEB}.Ad-Hoc|iPhoneSimulator.Build.0 = Release|Any CPU
		{9C5A5587-2F29-4019-A553-DC534A24BAEB}.AppStore|Any CPU.ActiveCfg = Release|Any CPU
		{9C5A5587-2F29-4019-A553-DC534A24BAEB}.AppStore|Any CPU.Build.0 = Release|Any CPU
		{9C5A5587-2F29-4019-A553-DC534A24BAEB}.AppStore|iPhone.ActiveCfg = Debug|Any CPU
		{9C5A5587-2F29-4019-A553-DC534A24BAEB}.AppStore|iPhone.Build.0 = Debug|Any CPU
		{9C5A5587-2F29-4019-A553-DC534A24BAEB}.AppStore|iPhoneSimulator.ActiveCfg = Release|Any CPU
		{9C5A5587-2F29-4019-A553-DC534A24BAEB}.AppStore|iPhoneSimulator.Build.0 = Release|Any CPU
		{9C5A5587-2F29-4019-A553-DC534A24BAEB}.Debug|Any CPU.ActiveCfg = Debug|Any CPU
		{9C5A5587-2F29-4019-A553-DC534A24BAEB}.Debug|Any CPU.Build.0 = Debug|Any CPU
		{9C5A5587-2F29-4019-A553-DC534A24BAEB}.Debug|iPhone.ActiveCfg = Debug|Any CPU
		{9C5A5587-2F29-4019-A553-DC534A24BAEB}.Debug|iPhone.Build.0 = Debug|Any CPU
		{9C5A5587-2F29-4019-A553-DC534A24BAEB}.Debug|iPhoneSimulator.ActiveCfg = Debug|Any CPU
		{9C5A5587-2F29-4019-A553-DC534A24BAEB}.Debug|iPhoneSimulator.Build.0 = Debug|Any CPU
		{9C5A5587-2F29-4019-A553-DC534A24BAEB}.Release|Any CPU.ActiveCfg = Release|Any CPU
		{9C5A5587-2F29-4019-A553-DC534A24BAEB}.Release|Any CPU.Build.0 = Release|Any CPU
		{9C5A5587-2F29-4019-A553-DC534A24BAEB}.Release|iPhone.ActiveCfg = Release|Any CPU
		{9C5A5587-2F29-4019-A553-DC534A24BAEB}.Release|iPhone.Build.0 = Release|Any CPU
		{9C5A5587-2F29-4019-A553-DC534A24BAEB}.Release|iPhoneSimulator.ActiveCfg = Release|Any CPU
		{9C5A5587-2F29-4019-A553-DC534A24BAEB}.Release|iPhoneSimulator.Build.0 = Release|Any CPU
	EndGlobalSection
	GlobalSection(SolutionProperties) = preSolution
		HideSolutionNode = FALSE
	EndGlobalSection
	GlobalSection(ExtensibilityGlobals) = postSolution
		SolutionGuid = {7C67817D-FE38-4975-AD43-CEC6F8682D2C}
	EndGlobalSection
EndGlobal
