
Microsoft Visual Studio Solution File, Format Version 12.00
# Visual Studio Version 16
VisualStudioVersion = 16.0.29721.120
MinimumVisualStudioVersion = 10.0.40219.1
Project("{FAE04EC0-301F-11D3-BF4B-00C04F79EFBC}") = "WPFAppEFCore", "WPFAppEFCore\WPFAppEFCore.csproj", "{2638256D-9FFB-46F7-AC9B-576995D7BB10}"
EndProject
Global
	GlobalSection(SolutionConfigurationPlatforms) = preSolution
		Debug|Any CPU = Debug|Any CPU
		Release|Any CPU = Release|Any CPU
	EndGlobalSection
	GlobalSection(ProjectConfigurationPlatforms) = postSolution
		{2638256D-9FFB-46F7-AC9B-576995D7BB10}.Debug|Any CPU.ActiveCfg = Debug|Any CPU
		{2638256D-9FFB-46F7-AC9B-576995D7BB10}.Debug|Any CPU.Build.0 = Debug|Any CPU
		{2638256D-9FFB-46F7-AC9B-576995D7BB10}.Release|Any CPU.ActiveCfg = Release|Any CPU
		{2638256D-9FFB-46F7-AC9B-576995D7BB10}.Release|Any CPU.Build.0 = Release|Any CPU
	EndGlobalSection
	GlobalSection(SolutionProperties) = preSolution
		HideSolutionNode = FALSE
	EndGlobalSection
	GlobalSection(ExtensibilityGlobals) = postSolution
		SolutionGuid = {9EC61CD1-9A93-4087-93B0-0A5E1B21725B}
	EndGlobalSection
EndGlobal
