
Microsoft Visual Studio Solution File, Format Version 12.00
# Visual Studio 2012
Project("{FAE04EC0-301F-11D3-BF4B-00C04F79EFBC}") = "CategoriaPorIdade", "CategoriaPorIdade\CategoriaPorIdade.csproj", "{F2E1F9B4-9EA9-44C8-8520-4791938F3B2B}"
EndProject
Project("{FAE04EC0-301F-11D3-BF4B-00C04F79EFBC}") = "PesoIdeal", "FormPesoIdeal\PesoIdeal.csproj", "{2085872E-B8FD-4D3D-BE96-86F8E737E610}"
EndProject
Project("{FAE04EC0-301F-11D3-BF4B-00C04F79EFBC}") = "CalculoDeSalario", "CalculoDeSalario\CalculoDeSalario.csproj", "{9911CCF6-F896-4156-A175-9D7A6AC4FE0C}"
EndProject
Global
	GlobalSection(SolutionConfigurationPlatforms) = preSolution
		Debug|Any CPU = Debug|Any CPU
		Release|Any CPU = Release|Any CPU
	EndGlobalSection
	GlobalSection(ProjectConfigurationPlatforms) = postSolution
		{F2E1F9B4-9EA9-44C8-8520-4791938F3B2B}.Debug|Any CPU.ActiveCfg = Debug|Any CPU
		{F2E1F9B4-9EA9-44C8-8520-4791938F3B2B}.Debug|Any CPU.Build.0 = Debug|Any CPU
		{F2E1F9B4-9EA9-44C8-8520-4791938F3B2B}.Release|Any CPU.ActiveCfg = Release|Any CPU
		{F2E1F9B4-9EA9-44C8-8520-4791938F3B2B}.Release|Any CPU.Build.0 = Release|Any CPU
		{2085872E-B8FD-4D3D-BE96-86F8E737E610}.Debug|Any CPU.ActiveCfg = Debug|Any CPU
		{2085872E-B8FD-4D3D-BE96-86F8E737E610}.Debug|Any CPU.Build.0 = Debug|Any CPU
		{2085872E-B8FD-4D3D-BE96-86F8E737E610}.Release|Any CPU.ActiveCfg = Release|Any CPU
		{2085872E-B8FD-4D3D-BE96-86F8E737E610}.Release|Any CPU.Build.0 = Release|Any CPU
		{9911CCF6-F896-4156-A175-9D7A6AC4FE0C}.Debug|Any CPU.ActiveCfg = Debug|Any CPU
		{9911CCF6-F896-4156-A175-9D7A6AC4FE0C}.Debug|Any CPU.Build.0 = Debug|Any CPU
		{9911CCF6-F896-4156-A175-9D7A6AC4FE0C}.Release|Any CPU.ActiveCfg = Release|Any CPU
		{9911CCF6-F896-4156-A175-9D7A6AC4FE0C}.Release|Any CPU.Build.0 = Release|Any CPU
	EndGlobalSection
	GlobalSection(SolutionProperties) = preSolution
		HideSolutionNode = FALSE
	EndGlobalSection
EndGlobal
