
Microsoft Visual Studio Solution File, Format Version 12.00
# Visual Studio Version 16
VisualStudioVersion = 16.0.30225.117
MinimumVisualStudioVersion = 10.0.40219.1
Project("{FAE04EC0-301F-11D3-BF4B-00C04F79EFBC}") = "ServerAPI", "ServerAPI\ServerAPI.csproj", "{123A2EB8-1F70-4DDF-A5EB-C88E8B0BC9D3}"
EndProject
Global
	GlobalSection(SolutionConfigurationPlatforms) = preSolution
		Debug|Any CPU = Debug|Any CPU
		Release|Any CPU = Release|Any CPU
	EndGlobalSection
	GlobalSection(ProjectConfigurationPlatforms) = postSolution
		{123A2EB8-1F70-4DDF-A5EB-C88E8B0BC9D3}.Debug|Any CPU.ActiveCfg = Debug|Any CPU
		{123A2EB8-1F70-4DDF-A5EB-C88E8B0BC9D3}.Debug|Any CPU.Build.0 = Debug|Any CPU
		{123A2EB8-1F70-4DDF-A5EB-C88E8B0BC9D3}.Release|Any CPU.ActiveCfg = Release|Any CPU
		{123A2EB8-1F70-4DDF-A5EB-C88E8B0BC9D3}.Release|Any CPU.Build.0 = Release|Any CPU
	EndGlobalSection
	GlobalSection(SolutionProperties) = preSolution
		HideSolutionNode = FALSE
	EndGlobalSection
	GlobalSection(ExtensibilityGlobals) = postSolution
		SolutionGuid = {705F9A46-B11A-4432-A5B1-926ECE83E0A1}
	EndGlobalSection
EndGlobal
