
Microsoft Visual Studio Solution File, Format Version 12.00
# Visual Studio 15
VisualStudioVersion = 15.0.27703.2042
MinimumVisualStudioVersion = 10.0.40219.1
Project("{FAE04EC0-301F-11D3-BF4B-00C04F79EFBC}") = "EFSolutionNovaVersao", "EFSolutionNovaVersao\EFSolutionNovaVersao.csproj", "{EEBA1328-7DB5-4895-8857-3A638315C796}"
EndProject
Global
	GlobalSection(SolutionConfigurationPlatforms) = preSolution
		Debug|Any CPU = Debug|Any CPU
		Release|Any CPU = Release|Any CPU
	EndGlobalSection
	GlobalSection(ProjectConfigurationPlatforms) = postSolution
		{EEBA1328-7DB5-4895-8857-3A638315C796}.Debug|Any CPU.ActiveCfg = Debug|Any CPU
		{EEBA1328-7DB5-4895-8857-3A638315C796}.Debug|Any CPU.Build.0 = Debug|Any CPU
		{EEBA1328-7DB5-4895-8857-3A638315C796}.Release|Any CPU.ActiveCfg = Release|Any CPU
		{EEBA1328-7DB5-4895-8857-3A638315C796}.Release|Any CPU.Build.0 = Release|Any CPU
	EndGlobalSection
	GlobalSection(SolutionProperties) = preSolution
		HideSolutionNode = FALSE
	EndGlobalSection
	GlobalSection(ExtensibilityGlobals) = postSolution
		SolutionGuid = {412CBC58-F6F7-491E-B751-B96D0AA7E4F0}
	EndGlobalSection
EndGlobal
