{
  "requires": true,
  "lockfileVersion": 1,
  "dependencies": {
    "@ionic-native/core": {
      "version": "5.36.0",
      "resolved": "https://registry.npmjs.org/@ionic-native/core/-/core-5.36.0.tgz",
      "integrity": "sha512-lOrkktadlKYbYf1LrDyAtsu1JnQ0oCCdkOU7iHQ8oXnNOkMwobFfD2m62F1CoOr0u9LIkpYnZSPjng8lZbmbNw==",
      "requires": {
        "@types/cordova": "^0.0.34"
      }
    },
    "@types/cordova": {
      "version": "0.0.34",
      "resolved": "https://registry.npmjs.org/@types/cordova/-/cordova-0.0.34.tgz",
      "integrity": "sha1-6nrd907Ow9dimCegw54smt3HPQQ="
    }
  }
}
