
Microsoft Visual Studio Solution File, Format Version 12.00
# Visual Studio Version 16
VisualStudioVersion = 16.0.28714.193
MinimumVisualStudioVersion = 10.0.40219.1
Project("{FAE04EC0-301F-11D3-BF4B-00C04F79EFBC}") = "SegundoProjeto", "SegundoProjeto\SegundoProjeto.csproj", "{0BF279DC-B788-4333-94BF-3515CBC63074}"
EndProject
Project("{FAE04EC0-301F-11D3-BF4B-00C04F79EFBC}") = "ComplementarUm_Editora", "ComplementarUm_Editora\ComplementarUm_Editora.csproj", "{4443159C-E2CA-4276-B31F-245044CDC76B}"
EndProject
Global
	GlobalSection(SolutionConfigurationPlatforms) = preSolution
		Debug|Any CPU = Debug|Any CPU
		Release|Any CPU = Release|Any CPU
	EndGlobalSection
	GlobalSection(ProjectConfigurationPlatforms) = postSolution
		{0BF279DC-B788-4333-94BF-3515CBC63074}.Debug|Any CPU.ActiveCfg = Debug|Any CPU
		{0BF279DC-B788-4333-94BF-3515CBC63074}.Debug|Any CPU.Build.0 = Debug|Any CPU
		{0BF279DC-B788-4333-94BF-3515CBC63074}.Release|Any CPU.ActiveCfg = Release|Any CPU
		{0BF279DC-B788-4333-94BF-3515CBC63074}.Release|Any CPU.Build.0 = Release|Any CPU
		{4443159C-E2CA-4276-B31F-245044CDC76B}.Debug|Any CPU.ActiveCfg = Debug|Any CPU
		{4443159C-E2CA-4276-B31F-245044CDC76B}.Debug|Any CPU.Build.0 = Debug|Any CPU
		{4443159C-E2CA-4276-B31F-245044CDC76B}.Release|Any CPU.ActiveCfg = Release|Any CPU
		{4443159C-E2CA-4276-B31F-245044CDC76B}.Release|Any CPU.Build.0 = Release|Any CPU
	EndGlobalSection
	GlobalSection(SolutionProperties) = preSolution
		HideSolutionNode = FALSE
	EndGlobalSection
	GlobalSection(ExtensibilityGlobals) = postSolution
		SolutionGuid = {4DCF8CB6-20CF-4816-A597-047723AD5583}
	EndGlobalSection
EndGlobal
