
Microsoft Visual Studio Solution File, Format Version 12.00
# Visual Studio Version 16
VisualStudioVersion = 16.0.30104.148
MinimumVisualStudioVersion = 10.0.40219.1
Project("{FAE04EC0-301F-11D3-BF4B-00C04F79EFBC}") = "Capitulo04", "Capitulo04\Capitulo04.csproj", "{76555892-B0AC-4B69-8F96-E5069D2F8B55}"
EndProject
Global
	GlobalSection(SolutionConfigurationPlatforms) = preSolution
		Debug|Any CPU = Debug|Any CPU
		Release|Any CPU = Release|Any CPU
	EndGlobalSection
	GlobalSection(ProjectConfigurationPlatforms) = postSolution
		{76555892-B0AC-4B69-8F96-E5069D2F8B55}.Debug|Any CPU.ActiveCfg = Debug|Any CPU
		{76555892-B0AC-4B69-8F96-E5069D2F8B55}.Debug|Any CPU.Build.0 = Debug|Any CPU
		{76555892-B0AC-4B69-8F96-E5069D2F8B55}.Release|Any CPU.ActiveCfg = Release|Any CPU
		{76555892-B0AC-4B69-8F96-E5069D2F8B55}.Release|Any CPU.Build.0 = Release|Any CPU
	EndGlobalSection
	GlobalSection(SolutionProperties) = preSolution
		HideSolutionNode = FALSE
	EndGlobalSection
	GlobalSection(ExtensibilityGlobals) = postSolution
		SolutionGuid = {EB48917E-27F5-47AE-8854-D2177683BD6E}
	EndGlobalSection
EndGlobal
