
Microsoft Visual Studio Solution File, Format Version 12.00
# Visual Studio 14
VisualStudioVersion = 14.0.23107.0
MinimumVisualStudioVersion = 10.0.40219.1
Project("{FAE04EC0-301F-11D3-BF4B-00C04F79EFBC}") = "Projeto01", "Projeto01\Projeto01.csproj", "{60F0683C-C9F2-421F-8300-8E2A001DE196}"
EndProject
Project("{FAE04EC0-301F-11D3-BF4B-00C04F79EFBC}") = "Modelo", "Modelo\Modelo.csproj", "{CF0F4F4A-63A6-4E64-A069-3C50FA1E12F1}"
EndProject
Project("{FAE04EC0-301F-11D3-BF4B-00C04F79EFBC}") = "Servicos", "Servicos\Servicos.csproj", "{6040DE88-8340-4CB7-A5BE-A7044B1F2FDD}"
EndProject
Project("{FAE04EC0-301F-11D3-BF4B-00C04F79EFBC}") = "Persistencia", "Persistencia\Persistencia.csproj", "{D4ED026B-323D-425B-8290-53825E221A19}"
EndProject
Global
	GlobalSection(SolutionConfigurationPlatforms) = preSolution
		Debug|Any CPU = Debug|Any CPU
		Release|Any CPU = Release|Any CPU
	EndGlobalSection
	GlobalSection(ProjectConfigurationPlatforms) = postSolution
		{60F0683C-C9F2-421F-8300-8E2A001DE196}.Debug|Any CPU.ActiveCfg = Debug|Any CPU
		{60F0683C-C9F2-421F-8300-8E2A001DE196}.Debug|Any CPU.Build.0 = Debug|Any CPU
		{60F0683C-C9F2-421F-8300-8E2A001DE196}.Release|Any CPU.ActiveCfg = Release|Any CPU
		{60F0683C-C9F2-421F-8300-8E2A001DE196}.Release|Any CPU.Build.0 = Release|Any CPU
		{CF0F4F4A-63A6-4E64-A069-3C50FA1E12F1}.Debug|Any CPU.ActiveCfg = Debug|Any CPU
		{CF0F4F4A-63A6-4E64-A069-3C50FA1E12F1}.Debug|Any CPU.Build.0 = Debug|Any CPU
		{CF0F4F4A-63A6-4E64-A069-3C50FA1E12F1}.Release|Any CPU.ActiveCfg = Release|Any CPU
		{CF0F4F4A-63A6-4E64-A069-3C50FA1E12F1}.Release|Any CPU.Build.0 = Release|Any CPU
		{6040DE88-8340-4CB7-A5BE-A7044B1F2FDD}.Debug|Any CPU.ActiveCfg = Debug|Any CPU
		{6040DE88-8340-4CB7-A5BE-A7044B1F2FDD}.Debug|Any CPU.Build.0 = Debug|Any CPU
		{6040DE88-8340-4CB7-A5BE-A7044B1F2FDD}.Release|Any CPU.ActiveCfg = Release|Any CPU
		{6040DE88-8340-4CB7-A5BE-A7044B1F2FDD}.Release|Any CPU.Build.0 = Release|Any CPU
		{D4ED026B-323D-425B-8290-53825E221A19}.Debug|Any CPU.ActiveCfg = Debug|Any CPU
		{D4ED026B-323D-425B-8290-53825E221A19}.Debug|Any CPU.Build.0 = Debug|Any CPU
		{D4ED026B-323D-425B-8290-53825E221A19}.Release|Any CPU.ActiveCfg = Release|Any CPU
		{D4ED026B-323D-425B-8290-53825E221A19}.Release|Any CPU.Build.0 = Release|Any CPU
	EndGlobalSection
	GlobalSection(SolutionProperties) = preSolution
		HideSolutionNode = FALSE
	EndGlobalSection
EndGlobal
