
Microsoft Visual Studio Solution File, Format Version 12.00
# Visual Studio 15
VisualStudioVersion = 15.0.27428.2037
MinimumVisualStudioVersion = 10.0.40219.1
Project("{FAE04EC0-301F-11D3-BF4B-00C04F79EFBC}") = "Capitulo05.Android", "Capitulo05\Capitulo05.Android\Capitulo05.Android.csproj", "{6A069650-9282-4413-B6F7-4CE4485387B3}"
EndProject
Project("{FAE04EC0-301F-11D3-BF4B-00C04F79EFBC}") = "Capitulo05.iOS", "Capitulo05\Capitulo05.iOS\Capitulo05.iOS.csproj", "{2D796374-3E0F-4FBE-B0E1-AC0A16254DBC}"
EndProject
Project("{FAE04EC0-301F-11D3-BF4B-00C04F79EFBC}") = "Capitulo05", "Capitulo05\Capitulo05\Capitulo05.csproj", "{A68B0560-0F24-49E0-9C07-E3D72FBBA134}"
EndProject
Global
	GlobalSection(SolutionConfigurationPlatforms) = preSolution
		Ad-Hoc|Any CPU = Ad-Hoc|Any CPU
		Ad-Hoc|iPhone = Ad-Hoc|iPhone
		Ad-Hoc|iPhoneSimulator = Ad-Hoc|iPhoneSimulator
		AppStore|Any CPU = AppStore|Any CPU
		AppStore|iPhone = AppStore|iPhone
		AppStore|iPhoneSimulator = AppStore|iPhoneSimulator
		Debug|Any CPU = Debug|Any CPU
		Debug|iPhone = Debug|iPhone
		Debug|iPhoneSimulator = Debug|iPhoneSimulator
		Release|Any CPU = Release|Any CPU
		Release|iPhone = Release|iPhone
		Release|iPhoneSimulator = Release|iPhoneSimulator
	EndGlobalSection
	GlobalSection(ProjectConfigurationPlatforms) = postSolution
		{6A069650-9282-4413-B6F7-4CE4485387B3}.Ad-Hoc|Any CPU.ActiveCfg = Release|Any CPU
		{6A069650-9282-4413-B6F7-4CE4485387B3}.Ad-Hoc|Any CPU.Build.0 = Release|Any CPU
		{6A069650-9282-4413-B6F7-4CE4485387B3}.Ad-Hoc|Any CPU.Deploy.0 = Release|Any CPU
		{6A069650-9282-4413-B6F7-4CE4485387B3}.Ad-Hoc|iPhone.ActiveCfg = Release|Any CPU
		{6A069650-9282-4413-B6F7-4CE4485387B3}.Ad-Hoc|iPhone.Build.0 = Release|Any CPU
		{6A069650-9282-4413-B6F7-4CE4485387B3}.Ad-Hoc|iPhone.Deploy.0 = Release|Any CPU
		{6A069650-9282-4413-B6F7-4CE4485387B3}.Ad-Hoc|iPhoneSimulator.ActiveCfg = Release|Any CPU
		{6A069650-9282-4413-B6F7-4CE4485387B3}.Ad-Hoc|iPhoneSimulator.Build.0 = Release|Any CPU
		{6A069650-9282-4413-B6F7-4CE4485387B3}.Ad-Hoc|iPhoneSimulator.Deploy.0 = Release|Any CPU
		{6A069650-9282-4413-B6F7-4CE4485387B3}.AppStore|Any CPU.ActiveCfg = Release|Any CPU
		{6A069650-9282-4413-B6F7-4CE4485387B3}.AppStore|Any CPU.Build.0 = Release|Any CPU
		{6A069650-9282-4413-B6F7-4CE4485387B3}.AppStore|Any CPU.Deploy.0 = Release|Any CPU
		{6A069650-9282-4413-B6F7-4CE4485387B3}.AppStore|iPhone.ActiveCfg = Release|Any CPU
		{6A069650-9282-4413-B6F7-4CE4485387B3}.AppStore|iPhone.Build.0 = Release|Any CPU
		{6A069650-9282-4413-B6F7-4CE4485387B3}.AppStore|iPhone.Deploy.0 = Release|Any CPU
		{6A069650-9282-4413-B6F7-4CE4485387B3}.AppStore|iPhoneSimulator.ActiveCfg = Release|Any CPU
		{6A069650-9282-4413-B6F7-4CE4485387B3}.AppStore|iPhoneSimulator.Build.0 = Release|Any CPU
		{6A069650-9282-4413-B6F7-4CE4485387B3}.AppStore|iPhoneSimulator.Deploy.0 = Release|Any CPU
		{6A069650-9282-4413-B6F7-4CE4485387B3}.Debug|Any CPU.ActiveCfg = Debug|Any CPU
		{6A069650-9282-4413-B6F7-4CE4485387B3}.Debug|Any CPU.Build.0 = Debug|Any CPU
		{6A069650-9282-4413-B6F7-4CE4485387B3}.Debug|Any CPU.Deploy.0 = Debug|Any CPU
		{6A069650-9282-4413-B6F7-4CE4485387B3}.Debug|iPhone.ActiveCfg = Debug|Any CPU
		{6A069650-9282-4413-B6F7-4CE4485387B3}.Debug|iPhone.Build.0 = Debug|Any CPU
		{6A069650-9282-4413-B6F7-4CE4485387B3}.Debug|iPhone.Deploy.0 = Debug|Any CPU
		{6A069650-9282-4413-B6F7-4CE4485387B3}.Debug|iPhoneSimulator.ActiveCfg = Debug|Any CPU
		{6A069650-9282-4413-B6F7-4CE4485387B3}.Debug|iPhoneSimulator.Build.0 = Debug|Any CPU
		{6A069650-9282-4413-B6F7-4CE4485387B3}.Debug|iPhoneSimulator.Deploy.0 = Debug|Any CPU
		{6A069650-9282-4413-B6F7-4CE4485387B3}.Release|Any CPU.ActiveCfg = Release|Any CPU
		{6A069650-9282-4413-B6F7-4CE4485387B3}.Release|Any CPU.Build.0 = Release|Any CPU
		{6A069650-9282-4413-B6F7-4CE4485387B3}.Release|Any CPU.Deploy.0 = Release|Any CPU
		{6A069650-9282-4413-B6F7-4CE4485387B3}.Release|iPhone.ActiveCfg = Release|Any CPU
		{6A069650-9282-4413-B6F7-4CE4485387B3}.Release|iPhone.Build.0 = Release|Any CPU
		{6A069650-9282-4413-B6F7-4CE4485387B3}.Release|iPhone.Deploy.0 = Release|Any CPU
		{6A069650-9282-4413-B6F7-4CE4485387B3}.Release|iPhoneSimulator.ActiveCfg = Release|Any CPU
		{6A069650-9282-4413-B6F7-4CE4485387B3}.Release|iPhoneSimulator.Build.0 = Release|Any CPU
		{6A069650-9282-4413-B6F7-4CE4485387B3}.Release|iPhoneSimulator.Deploy.0 = Release|Any CPU
		{2D796374-3E0F-4FBE-B0E1-AC0A16254DBC}.Ad-Hoc|Any CPU.ActiveCfg = Ad-Hoc|iPhone
		{2D796374-3E0F-4FBE-B0E1-AC0A16254DBC}.Ad-Hoc|iPhone.ActiveCfg = Ad-Hoc|iPhone
		{2D796374-3E0F-4FBE-B0E1-AC0A16254DBC}.Ad-Hoc|iPhone.Build.0 = Ad-Hoc|iPhone
		{2D796374-3E0F-4FBE-B0E1-AC0A16254DBC}.Ad-Hoc|iPhoneSimulator.ActiveCfg = Ad-Hoc|iPhoneSimulator
		{2D796374-3E0F-4FBE-B0E1-AC0A16254DBC}.Ad-Hoc|iPhoneSimulator.Build.0 = Ad-Hoc|iPhoneSimulator
		{2D796374-3E0F-4FBE-B0E1-AC0A16254DBC}.AppStore|Any CPU.ActiveCfg = AppStore|iPhone
		{2D796374-3E0F-4FBE-B0E1-AC0A16254DBC}.AppStore|iPhone.ActiveCfg = AppStore|iPhone
		{2D796374-3E0F-4FBE-B0E1-AC0A16254DBC}.AppStore|iPhone.Build.0 = AppStore|iPhone
		{2D796374-3E0F-4FBE-B0E1-AC0A16254DBC}.AppStore|iPhoneSimulator.ActiveCfg = AppStore|iPhoneSimulator
		{2D796374-3E0F-4FBE-B0E1-AC0A16254DBC}.AppStore|iPhoneSimulator.Build.0 = AppStore|iPhoneSimulator
		{2D796374-3E0F-4FBE-B0E1-AC0A16254DBC}.Debug|Any CPU.ActiveCfg = Debug|iPhone
		{2D796374-3E0F-4FBE-B0E1-AC0A16254DBC}.Debug|iPhone.ActiveCfg = Debug|iPhone
		{2D796374-3E0F-4FBE-B0E1-AC0A16254DBC}.Debug|iPhone.Build.0 = Debug|iPhone
		{2D796374-3E0F-4FBE-B0E1-AC0A16254DBC}.Debug|iPhoneSimulator.ActiveCfg = Debug|iPhoneSimulator
		{2D796374-3E0F-4FBE-B0E1-AC0A16254DBC}.Debug|iPhoneSimulator.Build.0 = Debug|iPhoneSimulator
		{2D796374-3E0F-4FBE-B0E1-AC0A16254DBC}.Release|Any CPU.ActiveCfg = Release|iPhone
		{2D796374-3E0F-4FBE-B0E1-AC0A16254DBC}.Release|iPhone.ActiveCfg = Release|iPhone
		{2D796374-3E0F-4FBE-B0E1-AC0A16254DBC}.Release|iPhone.Build.0 = Release|iPhone
		{2D796374-3E0F-4FBE-B0E1-AC0A16254DBC}.Release|iPhoneSimulator.ActiveCfg = Release|iPhoneSimulator
		{2D796374-3E0F-4FBE-B0E1-AC0A16254DBC}.Release|iPhoneSimulator.Build.0 = Release|iPhoneSimulator
		{A68B0560-0F24-49E0-9C07-E3D72FBBA134}.Ad-Hoc|Any CPU.ActiveCfg = Debug|Any CPU
		{A68B0560-0F24-49E0-9C07-E3D72FBBA134}.Ad-Hoc|Any CPU.Build.0 = Debug|Any CPU
		{A68B0560-0F24-49E0-9C07-E3D72FBBA134}.Ad-Hoc|iPhone.ActiveCfg = Debug|Any CPU
		{A68B0560-0F24-49E0-9C07-E3D72FBBA134}.Ad-Hoc|iPhone.Build.0 = Debug|Any CPU
		{A68B0560-0F24-49E0-9C07-E3D72FBBA134}.Ad-Hoc|iPhoneSimulator.ActiveCfg = Debug|Any CPU
		{A68B0560-0F24-49E0-9C07-E3D72FBBA134}.Ad-Hoc|iPhoneSimulator.Build.0 = Debug|Any CPU
		{A68B0560-0F24-49E0-9C07-E3D72FBBA134}.AppStore|Any CPU.ActiveCfg = Debug|Any CPU
		{A68B0560-0F24-49E0-9C07-E3D72FBBA134}.AppStore|Any CPU.Build.0 = Debug|Any CPU
		{A68B0560-0F24-49E0-9C07-E3D72FBBA134}.AppStore|iPhone.ActiveCfg = Debug|Any CPU
		{A68B0560-0F24-49E0-9C07-E3D72FBBA134}.AppStore|iPhone.Build.0 = Debug|Any CPU
		{A68B0560-0F24-49E0-9C07-E3D72FBBA134}.AppStore|iPhoneSimulator.ActiveCfg = Debug|Any CPU
		{A68B0560-0F24-49E0-9C07-E3D72FBBA134}.AppStore|iPhoneSimulator.Build.0 = Debug|Any CPU
		{A68B0560-0F24-49E0-9C07-E3D72FBBA134}.Debug|Any CPU.ActiveCfg = Debug|Any CPU
		{A68B0560-0F24-49E0-9C07-E3D72FBBA134}.Debug|Any CPU.Build.0 = Debug|Any CPU
		{A68B0560-0F24-49E0-9C07-E3D72FBBA134}.Debug|iPhone.ActiveCfg = Debug|Any CPU
		{A68B0560-0F24-49E0-9C07-E3D72FBBA134}.Debug|iPhone.Build.0 = Debug|Any CPU
		{A68B0560-0F24-49E0-9C07-E3D72FBBA134}.Debug|iPhoneSimulator.ActiveCfg = Debug|Any CPU
		{A68B0560-0F24-49E0-9C07-E3D72FBBA134}.Debug|iPhoneSimulator.Build.0 = Debug|Any CPU
		{A68B0560-0F24-49E0-9C07-E3D72FBBA134}.Release|Any CPU.ActiveCfg = Release|Any CPU
		{A68B0560-0F24-49E0-9C07-E3D72FBBA134}.Release|Any CPU.Build.0 = Release|Any CPU
		{A68B0560-0F24-49E0-9C07-E3D72FBBA134}.Release|iPhone.ActiveCfg = Release|Any CPU
		{A68B0560-0F24-49E0-9C07-E3D72FBBA134}.Release|iPhone.Build.0 = Release|Any CPU
		{A68B0560-0F24-49E0-9C07-E3D72FBBA134}.Release|iPhoneSimulator.ActiveCfg = Release|Any CPU
		{A68B0560-0F24-49E0-9C07-E3D72FBBA134}.Release|iPhoneSimulator.Build.0 = Release|Any CPU
	EndGlobalSection
	GlobalSection(SolutionProperties) = preSolution
		HideSolutionNode = FALSE
	EndGlobalSection
	GlobalSection(ExtensibilityGlobals) = postSolution
		SolutionGuid = {4B25E288-78DD-4871-8942-66607502FBF5}
	EndGlobalSection
EndGlobal
