
Microsoft Visual Studio Solution File, Format Version 12.00
# Visual Studio Version 16
VisualStudioVersion = 16.0.29814.53
MinimumVisualStudioVersion = 10.0.40219.1
Project("{FAE04EC0-301F-11D3-BF4B-00C04F79EFBC}") = "ConsoleApp", "ConsoleApp\ConsoleApp.csproj", "{493638D2-63D2-43AB-ACDC-74712D586DB3}"
EndProject
Global
	GlobalSection(SolutionConfigurationPlatforms) = preSolution
		Debug|Any CPU = Debug|Any CPU
		Release|Any CPU = Release|Any CPU
	EndGlobalSection
	GlobalSection(ProjectConfigurationPlatforms) = postSolution
		{493638D2-63D2-43AB-ACDC-74712D586DB3}.Debug|Any CPU.ActiveCfg = Debug|Any CPU
		{493638D2-63D2-43AB-ACDC-74712D586DB3}.Debug|Any CPU.Build.0 = Debug|Any CPU
		{493638D2-63D2-43AB-ACDC-74712D586DB3}.Release|Any CPU.ActiveCfg = Release|Any CPU
		{493638D2-63D2-43AB-ACDC-74712D586DB3}.Release|Any CPU.Build.0 = Release|Any CPU
	EndGlobalSection
	GlobalSection(SolutionProperties) = preSolution
		HideSolutionNode = FALSE
	EndGlobalSection
	GlobalSection(ExtensibilityGlobals) = postSolution
		SolutionGuid = {39148231-FF59-4B8B-A7D8-433A3FD51D3C}
	EndGlobalSection
EndGlobal
