
Microsoft Visual Studio Solution File, Format Version 12.00
# Visual Studio Version 16
VisualStudioVersion = 16.0.29613.14
MinimumVisualStudioVersion = 10.0.40219.1
Project("{FAE04EC0-301F-11D3-BF4B-00C04F79EFBC}") = "PrimeiroProjeto", "PrimeiroProjeto\PrimeiroProjeto.csproj", "{6C97B0B7-4978-421A-959C-28BEDBC20B97}"
EndProject
Global
	GlobalSection(SolutionConfigurationPlatforms) = preSolution
		Debug|Any CPU = Debug|Any CPU
		Release|Any CPU = Release|Any CPU
	EndGlobalSection
	GlobalSection(ProjectConfigurationPlatforms) = postSolution
		{6C97B0B7-4978-421A-959C-28BEDBC20B97}.Debug|Any CPU.ActiveCfg = Debug|Any CPU
		{6C97B0B7-4978-421A-959C-28BEDBC20B97}.Debug|Any CPU.Build.0 = Debug|Any CPU
		{6C97B0B7-4978-421A-959C-28BEDBC20B97}.Release|Any CPU.ActiveCfg = Release|Any CPU
		{6C97B0B7-4978-421A-959C-28BEDBC20B97}.Release|Any CPU.Build.0 = Release|Any CPU
	EndGlobalSection
	GlobalSection(SolutionProperties) = preSolution
		HideSolutionNode = FALSE
	EndGlobalSection
	GlobalSection(ExtensibilityGlobals) = postSolution
		SolutionGuid = {CCEBFC75-A811-4A3D-8AE8-D346E6C9F32B}
	EndGlobalSection
EndGlobal
