
Microsoft Visual Studio Solution File, Format Version 12.00
# Visual Studio 15
VisualStudioVersion = 15.0.26403.7
MinimumVisualStudioVersion = 10.0.40219.1
Project("{FAE04EC0-301F-11D3-BF4B-00C04F79EFBC}") = "Modelo", "Modelo\Modelo.csproj", "{C58B2B46-CA9B-4D12-A9E3-6E55875A197B}"
EndProject
Project("{FAE04EC0-301F-11D3-BF4B-00C04F79EFBC}") = "Servico", "Servico\Servico.csproj", "{2E0C34A6-7981-49DC-926F-2870F6B3E92F}"
EndProject
Project("{FAE04EC0-301F-11D3-BF4B-00C04F79EFBC}") = "Persistencia", "Persistencia\Persistencia.csproj", "{7721ADF3-525E-4AA2-B252-BC2DE9EDBC94}"
EndProject
Project("{FAE04EC0-301F-11D3-BF4B-00C04F79EFBC}") = "Apresentacao", "Apresentacao\Apresentacao.csproj", "{F1B0CED9-2154-4B60-A547-E07DA5B15DE9}"
EndProject
Global
	GlobalSection(SolutionConfigurationPlatforms) = preSolution
		Debug|Any CPU = Debug|Any CPU
		Release|Any CPU = Release|Any CPU
	EndGlobalSection
	GlobalSection(ProjectConfigurationPlatforms) = postSolution
		{C58B2B46-CA9B-4D12-A9E3-6E55875A197B}.Debug|Any CPU.ActiveCfg = Debug|Any CPU
		{C58B2B46-CA9B-4D12-A9E3-6E55875A197B}.Debug|Any CPU.Build.0 = Debug|Any CPU
		{C58B2B46-CA9B-4D12-A9E3-6E55875A197B}.Release|Any CPU.ActiveCfg = Release|Any CPU
		{C58B2B46-CA9B-4D12-A9E3-6E55875A197B}.Release|Any CPU.Build.0 = Release|Any CPU
		{2E0C34A6-7981-49DC-926F-2870F6B3E92F}.Debug|Any CPU.ActiveCfg = Debug|Any CPU
		{2E0C34A6-7981-49DC-926F-2870F6B3E92F}.Debug|Any CPU.Build.0 = Debug|Any CPU
		{2E0C34A6-7981-49DC-926F-2870F6B3E92F}.Release|Any CPU.ActiveCfg = Release|Any CPU
		{2E0C34A6-7981-49DC-926F-2870F6B3E92F}.Release|Any CPU.Build.0 = Release|Any CPU
		{7721ADF3-525E-4AA2-B252-BC2DE9EDBC94}.Debug|Any CPU.ActiveCfg = Debug|Any CPU
		{7721ADF3-525E-4AA2-B252-BC2DE9EDBC94}.Debug|Any CPU.Build.0 = Debug|Any CPU
		{7721ADF3-525E-4AA2-B252-BC2DE9EDBC94}.Release|Any CPU.ActiveCfg = Release|Any CPU
		{7721ADF3-525E-4AA2-B252-BC2DE9EDBC94}.Release|Any CPU.Build.0 = Release|Any CPU
		{F1B0CED9-2154-4B60-A547-E07DA5B15DE9}.Debug|Any CPU.ActiveCfg = Debug|Any CPU
		{F1B0CED9-2154-4B60-A547-E07DA5B15DE9}.Debug|Any CPU.Build.0 = Debug|Any CPU
		{F1B0CED9-2154-4B60-A547-E07DA5B15DE9}.Release|Any CPU.ActiveCfg = Release|Any CPU
		{F1B0CED9-2154-4B60-A547-E07DA5B15DE9}.Release|Any CPU.Build.0 = Release|Any CPU
	EndGlobalSection
	GlobalSection(SolutionProperties) = preSolution
		HideSolutionNode = FALSE
	EndGlobalSection
EndGlobal
