
Microsoft Visual Studio Solution File, Format Version 12.00
# Visual Studio Version 16
VisualStudioVersion = 16.0.28721.148
MinimumVisualStudioVersion = 10.0.40219.1
Project("{FAE04EC0-301F-11D3-BF4B-00C04F79EFBC}") = "SegundoProjeto", "SegundoProjeto\SegundoProjeto.csproj", "{0BF279DC-B788-4333-94BF-3515CBC63074}"
EndProject
Project("{9A19103F-16F7-4668-BE54-9A1E7A4F7556}") = "ComplementarUm_Heranca_Formas", "ComplementarUm_Heranca_Formas\ComplementarUm_Heranca_Formas.csproj", "{9BCBEE12-C4FC-4490-85D9-68786B475451}"
EndProject
Project("{FAE04EC0-301F-11D3-BF4B-00C04F79EFBC}") = "ComplementarDois_Heranca_Interface", "ComplementarDois_Heranca_Interface\ComplementarDois_Heranca_Interface.csproj", "{4CD5DACC-7B81-4480-A080-19A601533901}"
EndProject
Global
	GlobalSection(SolutionConfigurationPlatforms) = preSolution
		Debug|Any CPU = Debug|Any CPU
		Release|Any CPU = Release|Any CPU
	EndGlobalSection
	GlobalSection(ProjectConfigurationPlatforms) = postSolution
		{0BF279DC-B788-4333-94BF-3515CBC63074}.Debug|Any CPU.ActiveCfg = Debug|Any CPU
		{0BF279DC-B788-4333-94BF-3515CBC63074}.Debug|Any CPU.Build.0 = Debug|Any CPU
		{0BF279DC-B788-4333-94BF-3515CBC63074}.Release|Any CPU.ActiveCfg = Release|Any CPU
		{0BF279DC-B788-4333-94BF-3515CBC63074}.Release|Any CPU.Build.0 = Release|Any CPU
		{9BCBEE12-C4FC-4490-85D9-68786B475451}.Debug|Any CPU.ActiveCfg = Debug|Any CPU
		{9BCBEE12-C4FC-4490-85D9-68786B475451}.Debug|Any CPU.Build.0 = Debug|Any CPU
		{9BCBEE12-C4FC-4490-85D9-68786B475451}.Release|Any CPU.ActiveCfg = Release|Any CPU
		{9BCBEE12-C4FC-4490-85D9-68786B475451}.Release|Any CPU.Build.0 = Release|Any CPU
		{4CD5DACC-7B81-4480-A080-19A601533901}.Debug|Any CPU.ActiveCfg = Debug|Any CPU
		{4CD5DACC-7B81-4480-A080-19A601533901}.Debug|Any CPU.Build.0 = Debug|Any CPU
		{4CD5DACC-7B81-4480-A080-19A601533901}.Release|Any CPU.ActiveCfg = Release|Any CPU
		{4CD5DACC-7B81-4480-A080-19A601533901}.Release|Any CPU.Build.0 = Release|Any CPU
	EndGlobalSection
	GlobalSection(SolutionProperties) = preSolution
		HideSolutionNode = FALSE
	EndGlobalSection
	GlobalSection(ExtensibilityGlobals) = postSolution
		SolutionGuid = {055956CD-1371-4914-8453-3D65710C86C0}
	EndGlobalSection
EndGlobal
