
Microsoft Visual Studio Solution File, Format Version 12.00
# Visual Studio Version 16
VisualStudioVersion = 16.0.29521.150
MinimumVisualStudioVersion = 10.0.40219.1
Project("{FAE04EC0-301F-11D3-BF4B-00C04F79EFBC}") = "TrocaDeValores", "TrocaDeValores\TrocaDeValores.csproj", "{D662726E-14EC-4051-8F09-D83825F681B4}"
EndProject
Global
	GlobalSection(SolutionConfigurationPlatforms) = preSolution
		Debug|Any CPU = Debug|Any CPU
		Release|Any CPU = Release|Any CPU
	EndGlobalSection
	GlobalSection(ProjectConfigurationPlatforms) = postSolution
		{D662726E-14EC-4051-8F09-D83825F681B4}.Debug|Any CPU.ActiveCfg = Debug|Any CPU
		{D662726E-14EC-4051-8F09-D83825F681B4}.Debug|Any CPU.Build.0 = Debug|Any CPU
		{D662726E-14EC-4051-8F09-D83825F681B4}.Release|Any CPU.ActiveCfg = Release|Any CPU
		{D662726E-14EC-4051-8F09-D83825F681B4}.Release|Any CPU.Build.0 = Release|Any CPU
	EndGlobalSection
	GlobalSection(SolutionProperties) = preSolution
		HideSolutionNode = FALSE
	EndGlobalSection
	GlobalSection(ExtensibilityGlobals) = postSolution
		SolutionGuid = {1F575B43-1637-4B43-A441-D748F211782E}
	EndGlobalSection
EndGlobal
