
Microsoft Visual Studio Solution File, Format Version 12.00
# Visual Studio Version 16
VisualStudioVersion = 16.0.29613.14
MinimumVisualStudioVersion = 10.0.40219.1
Project("{FAE04EC0-301F-11D3-BF4B-00C04F79EFBC}") = "Modelo", "Modelo\Modelo.csproj", "{29CEC5C9-1131-414D-8F78-741850BAC9ED}"
EndProject
Project("{FAE04EC0-301F-11D3-BF4B-00C04F79EFBC}") = "Servico", "Servico\Servico.csproj", "{D786AA6A-DB1F-41EC-A052-2FFA8C5C74F4}"
EndProject
Project("{FAE04EC0-301F-11D3-BF4B-00C04F79EFBC}") = "Persistencia", "Persistencia\Persistencia.csproj", "{0FB13962-FFC2-4337-9C58-5DD1D75785DF}"
EndProject
Project("{9A19103F-16F7-4668-BE54-9A1E7A4F7556}") = "Apresentacao", "Apresentacao\Apresentacao.csproj", "{A6BD004C-DBD9-4EB1-BB3E-5673B9B4CED4}"
EndProject
Global
	GlobalSection(SolutionConfigurationPlatforms) = preSolution
		Debug|Any CPU = Debug|Any CPU
		Release|Any CPU = Release|Any CPU
	EndGlobalSection
	GlobalSection(ProjectConfigurationPlatforms) = postSolution
		{29CEC5C9-1131-414D-8F78-741850BAC9ED}.Debug|Any CPU.ActiveCfg = Debug|Any CPU
		{29CEC5C9-1131-414D-8F78-741850BAC9ED}.Debug|Any CPU.Build.0 = Debug|Any CPU
		{29CEC5C9-1131-414D-8F78-741850BAC9ED}.Release|Any CPU.ActiveCfg = Release|Any CPU
		{29CEC5C9-1131-414D-8F78-741850BAC9ED}.Release|Any CPU.Build.0 = Release|Any CPU
		{D786AA6A-DB1F-41EC-A052-2FFA8C5C74F4}.Debug|Any CPU.ActiveCfg = Debug|Any CPU
		{D786AA6A-DB1F-41EC-A052-2FFA8C5C74F4}.Debug|Any CPU.Build.0 = Debug|Any CPU
		{D786AA6A-DB1F-41EC-A052-2FFA8C5C74F4}.Release|Any CPU.ActiveCfg = Release|Any CPU
		{D786AA6A-DB1F-41EC-A052-2FFA8C5C74F4}.Release|Any CPU.Build.0 = Release|Any CPU
		{0FB13962-FFC2-4337-9C58-5DD1D75785DF}.Debug|Any CPU.ActiveCfg = Debug|Any CPU
		{0FB13962-FFC2-4337-9C58-5DD1D75785DF}.Debug|Any CPU.Build.0 = Debug|Any CPU
		{0FB13962-FFC2-4337-9C58-5DD1D75785DF}.Release|Any CPU.ActiveCfg = Release|Any CPU
		{0FB13962-FFC2-4337-9C58-5DD1D75785DF}.Release|Any CPU.Build.0 = Release|Any CPU
		{A6BD004C-DBD9-4EB1-BB3E-5673B9B4CED4}.Debug|Any CPU.ActiveCfg = Debug|Any CPU
		{A6BD004C-DBD9-4EB1-BB3E-5673B9B4CED4}.Debug|Any CPU.Build.0 = Debug|Any CPU
		{A6BD004C-DBD9-4EB1-BB3E-5673B9B4CED4}.Release|Any CPU.ActiveCfg = Release|Any CPU
		{A6BD004C-DBD9-4EB1-BB3E-5673B9B4CED4}.Release|Any CPU.Build.0 = Release|Any CPU
	EndGlobalSection
	GlobalSection(SolutionProperties) = preSolution
		HideSolutionNode = FALSE
	EndGlobalSection
	GlobalSection(ExtensibilityGlobals) = postSolution
		SolutionGuid = {75E7E682-413A-4158-9013-DCBB6C25E805}
	EndGlobalSection
EndGlobal
