
Microsoft Visual Studio Solution File, Format Version 12.00
# Visual Studio Version 16
VisualStudioVersion = 16.0.30104.148
MinimumVisualStudioVersion = 10.0.40219.1
Project("{FAE04EC0-301F-11D3-BF4B-00C04F79EFBC}") = "Capitulo03", "Capitulo03\Capitulo03.csproj", "{906FCFBB-6231-4458-B4A0-003DDD33CEF1}"
EndProject
Global
	GlobalSection(SolutionConfigurationPlatforms) = preSolution
		Debug|Any CPU = Debug|Any CPU
		Release|Any CPU = Release|Any CPU
	EndGlobalSection
	GlobalSection(ProjectConfigurationPlatforms) = postSolution
		{906FCFBB-6231-4458-B4A0-003DDD33CEF1}.Debug|Any CPU.ActiveCfg = Debug|Any CPU
		{906FCFBB-6231-4458-B4A0-003DDD33CEF1}.Debug|Any CPU.Build.0 = Debug|Any CPU
		{906FCFBB-6231-4458-B4A0-003DDD33CEF1}.Release|Any CPU.ActiveCfg = Release|Any CPU
		{906FCFBB-6231-4458-B4A0-003DDD33CEF1}.Release|Any CPU.Build.0 = Release|Any CPU
	EndGlobalSection
	GlobalSection(SolutionProperties) = preSolution
		HideSolutionNode = FALSE
	EndGlobalSection
	GlobalSection(ExtensibilityGlobals) = postSolution
		SolutionGuid = {122EE173-E387-4CE6-9306-12B2EF06AF52}
	EndGlobalSection
EndGlobal
