
Microsoft Visual Studio Solution File, Format Version 12.00
# Visual Studio 15
VisualStudioVersion = 15.0.28010.2046
MinimumVisualStudioVersion = 10.0.40219.1
Project("{FAE04EC0-301F-11D3-BF4B-00C04F79EFBC}") = "Modulo1.Android", "Modulo1\Modulo1.Android\Modulo1.Android.csproj", "{26FFB846-C2A0-4E74-947D-C52F08E733D6}"
EndProject
Project("{FAE04EC0-301F-11D3-BF4B-00C04F79EFBC}") = "Modulo1.iOS", "Modulo1\Modulo1.iOS\Modulo1.iOS.csproj", "{194D1506-1E46-4209-AD38-9EE77023B33B}"
EndProject
Project("{FAE04EC0-301F-11D3-BF4B-00C04F79EFBC}") = "Modulo1", "Modulo1\Modulo1\Modulo1.csproj", "{4F1BCA04-CB17-410A-A8DE-8E785796EE4C}"
EndProject
Global
	GlobalSection(SolutionConfigurationPlatforms) = preSolution
		Ad-Hoc|Any CPU = Ad-Hoc|Any CPU
		Ad-Hoc|iPhone = Ad-Hoc|iPhone
		Ad-Hoc|iPhoneSimulator = Ad-Hoc|iPhoneSimulator
		AppStore|Any CPU = AppStore|Any CPU
		AppStore|iPhone = AppStore|iPhone
		AppStore|iPhoneSimulator = AppStore|iPhoneSimulator
		Debug|Any CPU = Debug|Any CPU
		Debug|iPhone = Debug|iPhone
		Debug|iPhoneSimulator = Debug|iPhoneSimulator
		Release|Any CPU = Release|Any CPU
		Release|iPhone = Release|iPhone
		Release|iPhoneSimulator = Release|iPhoneSimulator
	EndGlobalSection
	GlobalSection(ProjectConfigurationPlatforms) = postSolution
		{26FFB846-C2A0-4E74-947D-C52F08E733D6}.Ad-Hoc|Any CPU.ActiveCfg = Release|Any CPU
		{26FFB846-C2A0-4E74-947D-C52F08E733D6}.Ad-Hoc|Any CPU.Build.0 = Release|Any CPU
		{26FFB846-C2A0-4E74-947D-C52F08E733D6}.Ad-Hoc|Any CPU.Deploy.0 = Release|Any CPU
		{26FFB846-C2A0-4E74-947D-C52F08E733D6}.Ad-Hoc|iPhone.ActiveCfg = Release|Any CPU
		{26FFB846-C2A0-4E74-947D-C52F08E733D6}.Ad-Hoc|iPhone.Build.0 = Release|Any CPU
		{26FFB846-C2A0-4E74-947D-C52F08E733D6}.Ad-Hoc|iPhone.Deploy.0 = Release|Any CPU
		{26FFB846-C2A0-4E74-947D-C52F08E733D6}.Ad-Hoc|iPhoneSimulator.ActiveCfg = Release|Any CPU
		{26FFB846-C2A0-4E74-947D-C52F08E733D6}.Ad-Hoc|iPhoneSimulator.Build.0 = Release|Any CPU
		{26FFB846-C2A0-4E74-947D-C52F08E733D6}.Ad-Hoc|iPhoneSimulator.Deploy.0 = Release|Any CPU
		{26FFB846-C2A0-4E74-947D-C52F08E733D6}.AppStore|Any CPU.ActiveCfg = Release|Any CPU
		{26FFB846-C2A0-4E74-947D-C52F08E733D6}.AppStore|Any CPU.Build.0 = Release|Any CPU
		{26FFB846-C2A0-4E74-947D-C52F08E733D6}.AppStore|Any CPU.Deploy.0 = Release|Any CPU
		{26FFB846-C2A0-4E74-947D-C52F08E733D6}.AppStore|iPhone.ActiveCfg = Release|Any CPU
		{26FFB846-C2A0-4E74-947D-C52F08E733D6}.AppStore|iPhone.Build.0 = Release|Any CPU
		{26FFB846-C2A0-4E74-947D-C52F08E733D6}.AppStore|iPhone.Deploy.0 = Release|Any CPU
		{26FFB846-C2A0-4E74-947D-C52F08E733D6}.AppStore|iPhoneSimulator.ActiveCfg = Release|Any CPU
		{26FFB846-C2A0-4E74-947D-C52F08E733D6}.AppStore|iPhoneSimulator.Build.0 = Release|Any CPU
		{26FFB846-C2A0-4E74-947D-C52F08E733D6}.AppStore|iPhoneSimulator.Deploy.0 = Release|Any CPU
		{26FFB846-C2A0-4E74-947D-C52F08E733D6}.Debug|Any CPU.ActiveCfg = Debug|Any CPU
		{26FFB846-C2A0-4E74-947D-C52F08E733D6}.Debug|Any CPU.Build.0 = Debug|Any CPU
		{26FFB846-C2A0-4E74-947D-C52F08E733D6}.Debug|Any CPU.Deploy.0 = Debug|Any CPU
		{26FFB846-C2A0-4E74-947D-C52F08E733D6}.Debug|iPhone.ActiveCfg = Debug|Any CPU
		{26FFB846-C2A0-4E74-947D-C52F08E733D6}.Debug|iPhone.Build.0 = Debug|Any CPU
		{26FFB846-C2A0-4E74-947D-C52F08E733D6}.Debug|iPhone.Deploy.0 = Debug|Any CPU
		{26FFB846-C2A0-4E74-947D-C52F08E733D6}.Debug|iPhoneSimulator.ActiveCfg = Debug|Any CPU
		{26FFB846-C2A0-4E74-947D-C52F08E733D6}.Debug|iPhoneSimulator.Build.0 = Debug|Any CPU
		{26FFB846-C2A0-4E74-947D-C52F08E733D6}.Debug|iPhoneSimulator.Deploy.0 = Debug|Any CPU
		{26FFB846-C2A0-4E74-947D-C52F08E733D6}.Release|Any CPU.ActiveCfg = Release|Any CPU
		{26FFB846-C2A0-4E74-947D-C52F08E733D6}.Release|Any CPU.Build.0 = Release|Any CPU
		{26FFB846-C2A0-4E74-947D-C52F08E733D6}.Release|Any CPU.Deploy.0 = Release|Any CPU
		{26FFB846-C2A0-4E74-947D-C52F08E733D6}.Release|iPhone.ActiveCfg = Release|Any CPU
		{26FFB846-C2A0-4E74-947D-C52F08E733D6}.Release|iPhone.Build.0 = Release|Any CPU
		{26FFB846-C2A0-4E74-947D-C52F08E733D6}.Release|iPhone.Deploy.0 = Release|Any CPU
		{26FFB846-C2A0-4E74-947D-C52F08E733D6}.Release|iPhoneSimulator.ActiveCfg = Release|Any CPU
		{26FFB846-C2A0-4E74-947D-C52F08E733D6}.Release|iPhoneSimulator.Build.0 = Release|Any CPU
		{26FFB846-C2A0-4E74-947D-C52F08E733D6}.Release|iPhoneSimulator.Deploy.0 = Release|Any CPU
		{194D1506-1E46-4209-AD38-9EE77023B33B}.Ad-Hoc|Any CPU.ActiveCfg = Ad-Hoc|iPhone
		{194D1506-1E46-4209-AD38-9EE77023B33B}.Ad-Hoc|Any CPU.Build.0 = Ad-Hoc|iPhone
		{194D1506-1E46-4209-AD38-9EE77023B33B}.Ad-Hoc|Any CPU.Deploy.0 = Ad-Hoc|iPhone
		{194D1506-1E46-4209-AD38-9EE77023B33B}.Ad-Hoc|iPhone.ActiveCfg = Ad-Hoc|iPhone
		{194D1506-1E46-4209-AD38-9EE77023B33B}.Ad-Hoc|iPhone.Build.0 = Ad-Hoc|iPhone
		{194D1506-1E46-4209-AD38-9EE77023B33B}.Ad-Hoc|iPhone.Deploy.0 = Ad-Hoc|iPhone
		{194D1506-1E46-4209-AD38-9EE77023B33B}.Ad-Hoc|iPhoneSimulator.ActiveCfg = Ad-Hoc|iPhoneSimulator
		{194D1506-1E46-4209-AD38-9EE77023B33B}.Ad-Hoc|iPhoneSimulator.Build.0 = Ad-Hoc|iPhoneSimulator
		{194D1506-1E46-4209-AD38-9EE77023B33B}.Ad-Hoc|iPhoneSimulator.Deploy.0 = Ad-Hoc|iPhoneSimulator
		{194D1506-1E46-4209-AD38-9EE77023B33B}.AppStore|Any CPU.ActiveCfg = AppStore|iPhone
		{194D1506-1E46-4209-AD38-9EE77023B33B}.AppStore|Any CPU.Build.0 = AppStore|iPhone
		{194D1506-1E46-4209-AD38-9EE77023B33B}.AppStore|Any CPU.Deploy.0 = AppStore|iPhone
		{194D1506-1E46-4209-AD38-9EE77023B33B}.AppStore|iPhone.ActiveCfg = AppStore|iPhone
		{194D1506-1E46-4209-AD38-9EE77023B33B}.AppStore|iPhone.Build.0 = AppStore|iPhone
		{194D1506-1E46-4209-AD38-9EE77023B33B}.AppStore|iPhone.Deploy.0 = AppStore|iPhone
		{194D1506-1E46-4209-AD38-9EE77023B33B}.AppStore|iPhoneSimulator.ActiveCfg = AppStore|iPhoneSimulator
		{194D1506-1E46-4209-AD38-9EE77023B33B}.AppStore|iPhoneSimulator.Build.0 = AppStore|iPhoneSimulator
		{194D1506-1E46-4209-AD38-9EE77023B33B}.AppStore|iPhoneSimulator.Deploy.0 = AppStore|iPhoneSimulator
		{194D1506-1E46-4209-AD38-9EE77023B33B}.Debug|Any CPU.ActiveCfg = Debug|iPhoneSimulator
		{194D1506-1E46-4209-AD38-9EE77023B33B}.Debug|Any CPU.Build.0 = Debug|iPhoneSimulator
		{194D1506-1E46-4209-AD38-9EE77023B33B}.Debug|Any CPU.Deploy.0 = Debug|iPhoneSimulator
		{194D1506-1E46-4209-AD38-9EE77023B33B}.Debug|iPhone.ActiveCfg = Debug|iPhone
		{194D1506-1E46-4209-AD38-9EE77023B33B}.Debug|iPhone.Build.0 = Debug|iPhone
		{194D1506-1E46-4209-AD38-9EE77023B33B}.Debug|iPhone.Deploy.0 = Debug|iPhone
		{194D1506-1E46-4209-AD38-9EE77023B33B}.Debug|iPhoneSimulator.ActiveCfg = Debug|iPhoneSimulator
		{194D1506-1E46-4209-AD38-9EE77023B33B}.Debug|iPhoneSimulator.Build.0 = Debug|iPhoneSimulator
		{194D1506-1E46-4209-AD38-9EE77023B33B}.Debug|iPhoneSimulator.Deploy.0 = Debug|iPhoneSimulator
		{194D1506-1E46-4209-AD38-9EE77023B33B}.Release|Any CPU.ActiveCfg = Release|iPhone
		{194D1506-1E46-4209-AD38-9EE77023B33B}.Release|Any CPU.Build.0 = Release|iPhone
		{194D1506-1E46-4209-AD38-9EE77023B33B}.Release|Any CPU.Deploy.0 = Release|iPhone
		{194D1506-1E46-4209-AD38-9EE77023B33B}.Release|iPhone.ActiveCfg = Release|iPhone
		{194D1506-1E46-4209-AD38-9EE77023B33B}.Release|iPhone.Build.0 = Release|iPhone
		{194D1506-1E46-4209-AD38-9EE77023B33B}.Release|iPhone.Deploy.0 = Release|iPhone
		{194D1506-1E46-4209-AD38-9EE77023B33B}.Release|iPhoneSimulator.ActiveCfg = Release|iPhoneSimulator
		{194D1506-1E46-4209-AD38-9EE77023B33B}.Release|iPhoneSimulator.Build.0 = Release|iPhoneSimulator
		{194D1506-1E46-4209-AD38-9EE77023B33B}.Release|iPhoneSimulator.Deploy.0 = Release|iPhoneSimulator
		{4F1BCA04-CB17-410A-A8DE-8E785796EE4C}.Ad-Hoc|Any CPU.ActiveCfg = Debug|Any CPU
		{4F1BCA04-CB17-410A-A8DE-8E785796EE4C}.Ad-Hoc|Any CPU.Build.0 = Debug|Any CPU
		{4F1BCA04-CB17-410A-A8DE-8E785796EE4C}.Ad-Hoc|Any CPU.Deploy.0 = Debug|Any CPU
		{4F1BCA04-CB17-410A-A8DE-8E785796EE4C}.Ad-Hoc|iPhone.ActiveCfg = Debug|Any CPU
		{4F1BCA04-CB17-410A-A8DE-8E785796EE4C}.Ad-Hoc|iPhone.Build.0 = Debug|Any CPU
		{4F1BCA04-CB17-410A-A8DE-8E785796EE4C}.Ad-Hoc|iPhone.Deploy.0 = Debug|Any CPU
		{4F1BCA04-CB17-410A-A8DE-8E785796EE4C}.Ad-Hoc|iPhoneSimulator.ActiveCfg = Debug|Any CPU
		{4F1BCA04-CB17-410A-A8DE-8E785796EE4C}.Ad-Hoc|iPhoneSimulator.Build.0 = Debug|Any CPU
		{4F1BCA04-CB17-410A-A8DE-8E785796EE4C}.Ad-Hoc|iPhoneSimulator.Deploy.0 = Debug|Any CPU
		{4F1BCA04-CB17-410A-A8DE-8E785796EE4C}.AppStore|Any CPU.ActiveCfg = Debug|Any CPU
		{4F1BCA04-CB17-410A-A8DE-8E785796EE4C}.AppStore|Any CPU.Build.0 = Debug|Any CPU
		{4F1BCA04-CB17-410A-A8DE-8E785796EE4C}.AppStore|Any CPU.Deploy.0 = Debug|Any CPU
		{4F1BCA04-CB17-410A-A8DE-8E785796EE4C}.AppStore|iPhone.ActiveCfg = Debug|Any CPU
		{4F1BCA04-CB17-410A-A8DE-8E785796EE4C}.AppStore|iPhone.Build.0 = Debug|Any CPU
		{4F1BCA04-CB17-410A-A8DE-8E785796EE4C}.AppStore|iPhone.Deploy.0 = Debug|Any CPU
		{4F1BCA04-CB17-410A-A8DE-8E785796EE4C}.AppStore|iPhoneSimulator.ActiveCfg = Debug|Any CPU
		{4F1BCA04-CB17-410A-A8DE-8E785796EE4C}.AppStore|iPhoneSimulator.Build.0 = Debug|Any CPU
		{4F1BCA04-CB17-410A-A8DE-8E785796EE4C}.AppStore|iPhoneSimulator.Deploy.0 = Debug|Any CPU
		{4F1BCA04-CB17-410A-A8DE-8E785796EE4C}.Debug|Any CPU.ActiveCfg = Debug|Any CPU
		{4F1BCA04-CB17-410A-A8DE-8E785796EE4C}.Debug|Any CPU.Build.0 = Debug|Any CPU
		{4F1BCA04-CB17-410A-A8DE-8E785796EE4C}.Debug|Any CPU.Deploy.0 = Debug|Any CPU
		{4F1BCA04-CB17-410A-A8DE-8E785796EE4C}.Debug|iPhone.ActiveCfg = Debug|Any CPU
		{4F1BCA04-CB17-410A-A8DE-8E785796EE4C}.Debug|iPhone.Build.0 = Debug|Any CPU
		{4F1BCA04-CB17-410A-A8DE-8E785796EE4C}.Debug|iPhone.Deploy.0 = Debug|Any CPU
		{4F1BCA04-CB17-410A-A8DE-8E785796EE4C}.Debug|iPhoneSimulator.ActiveCfg = Debug|Any CPU
		{4F1BCA04-CB17-410A-A8DE-8E785796EE4C}.Debug|iPhoneSimulator.Build.0 = Debug|Any CPU
		{4F1BCA04-CB17-410A-A8DE-8E785796EE4C}.Debug|iPhoneSimulator.Deploy.0 = Debug|Any CPU
		{4F1BCA04-CB17-410A-A8DE-8E785796EE4C}.Release|Any CPU.ActiveCfg = Release|Any CPU
		{4F1BCA04-CB17-410A-A8DE-8E785796EE4C}.Release|Any CPU.Build.0 = Release|Any CPU
		{4F1BCA04-CB17-410A-A8DE-8E785796EE4C}.Release|Any CPU.Deploy.0 = Release|Any CPU
		{4F1BCA04-CB17-410A-A8DE-8E785796EE4C}.Release|iPhone.ActiveCfg = Release|Any CPU
		{4F1BCA04-CB17-410A-A8DE-8E785796EE4C}.Release|iPhone.Build.0 = Release|Any CPU
		{4F1BCA04-CB17-410A-A8DE-8E785796EE4C}.Release|iPhone.Deploy.0 = Release|Any CPU
		{4F1BCA04-CB17-410A-A8DE-8E785796EE4C}.Release|iPhoneSimulator.ActiveCfg = Release|Any CPU
		{4F1BCA04-CB17-410A-A8DE-8E785796EE4C}.Release|iPhoneSimulator.Build.0 = Release|Any CPU
		{4F1BCA04-CB17-410A-A8DE-8E785796EE4C}.Release|iPhoneSimulator.Deploy.0 = Release|Any CPU
	EndGlobalSection
	GlobalSection(SolutionProperties) = preSolution
		HideSolutionNode = FALSE
	EndGlobalSection
	GlobalSection(ExtensibilityGlobals) = postSolution
		SolutionGuid = {85EA622E-FBEB-4C07-9B71-069DF77B9D4C}
	EndGlobalSection
EndGlobal
