
Microsoft Visual Studio Solution File, Format Version 12.00
# Visual Studio Version 16
VisualStudioVersion = 16.0.30011.22
MinimumVisualStudioVersion = 10.0.40219.1
Project("{FAE04EC0-301F-11D3-BF4B-00C04F79EFBC}") = "Capitulo01", "Capitulo01\Capitulo01.csproj", "{003C00F8-8A79-499B-AC0B-A172BE552645}"
EndProject
Global
	GlobalSection(SolutionConfigurationPlatforms) = preSolution
		Debug|Any CPU = Debug|Any CPU
		Release|Any CPU = Release|Any CPU
	EndGlobalSection
	GlobalSection(ProjectConfigurationPlatforms) = postSolution
		{003C00F8-8A79-499B-AC0B-A172BE552645}.Debug|Any CPU.ActiveCfg = Debug|Any CPU
		{003C00F8-8A79-499B-AC0B-A172BE552645}.Debug|Any CPU.Build.0 = Debug|Any CPU
		{003C00F8-8A79-499B-AC0B-A172BE552645}.Release|Any CPU.ActiveCfg = Release|Any CPU
		{003C00F8-8A79-499B-AC0B-A172BE552645}.Release|Any CPU.Build.0 = Release|Any CPU
	EndGlobalSection
	GlobalSection(SolutionProperties) = preSolution
		HideSolutionNode = FALSE
	EndGlobalSection
	GlobalSection(ExtensibilityGlobals) = postSolution
		SolutionGuid = {EEF1CD33-3597-4443-B40E-12914130CD14}
	EndGlobalSection
EndGlobal
