
Microsoft Visual Studio Solution File, Format Version 12.00
# Visual Studio Version 16
VisualStudioVersion = 16.0.29721.120
MinimumVisualStudioVersion = 10.0.40219.1
Project("{FAE04EC0-301F-11D3-BF4B-00C04F79EFBC}") = "AppWPF", "AppWPF\AppWPF.csproj", "{1331F509-CFFA-454A-9FAC-BDB4EFF6C6B0}"
EndProject
Global
	GlobalSection(SolutionConfigurationPlatforms) = preSolution
		Debug|Any CPU = Debug|Any CPU
		Release|Any CPU = Release|Any CPU
	EndGlobalSection
	GlobalSection(ProjectConfigurationPlatforms) = postSolution
		{1331F509-CFFA-454A-9FAC-BDB4EFF6C6B0}.Debug|Any CPU.ActiveCfg = Debug|Any CPU
		{1331F509-CFFA-454A-9FAC-BDB4EFF6C6B0}.Debug|Any CPU.Build.0 = Debug|Any CPU
		{1331F509-CFFA-454A-9FAC-BDB4EFF6C6B0}.Release|Any CPU.ActiveCfg = Release|Any CPU
		{1331F509-CFFA-454A-9FAC-BDB4EFF6C6B0}.Release|Any CPU.Build.0 = Release|Any CPU
	EndGlobalSection
	GlobalSection(SolutionProperties) = preSolution
		HideSolutionNode = FALSE
	EndGlobalSection
	GlobalSection(ExtensibilityGlobals) = postSolution
		SolutionGuid = {2A4FCF9E-E08B-4A5B-B610-671E6A7F5303}
	EndGlobalSection
EndGlobal
